// !$*UTF8*$!
{
	archiveVersion = 1;
	classes = {
	};
	objectVersion = 46;
	objects = {

/* Begin PBXBuildFile section */
		785408949DF4C140025F8CAB /* Pods_Bangers_and_MashTests.framework in Frameworks */ = {isa = PBXBuildFile; fileRef = 64E96BA88A489E72E5009782 /* Pods_Bangers_and_MashTests.framework */; };
		A60BE110DC42D84BCA118505 /* Pods_Bangers_and_MashUITests.framework in Frameworks */ = {isa = PBXBuildFile; fileRef = 871B94FC7FDB3F75A8FF7E64 /* Pods_Bangers_and_MashUITests.framework */; };
		AE471F011F26702D00BB03B6 /* main.swift in Sources */ = {isa = PBXBuildFile; fileRef = AE471F001F26702D00BB03B6 /* main.swift */; };
		AE97EB3C1F26605800E3F8B7 /* AppDelegate.swift in Sources */ = {isa = PBXBuildFile; fileRef = AE97EB3B1F26605800E3F8B7 /* AppDelegate.swift */; };
		AE97EB3E1F26605800E3F8B7 /* ViewController.swift in Sources */ = {isa = PBXBuildFile; fileRef = AE97EB3D1F26605800E3F8B7 /* ViewController.swift */; };
		AE97EB411F26605800E3F8B7 /* Main.storyboard in Resources */ = {isa = PBXBuildFile; fileRef = AE97EB3F1F26605800E3F8B7 /* Main.storyboard */; };
		AE97EB431F26605800E3F8B7 /* Assets.xcassets in Resources */ = {isa = PBXBuildFile; fileRef = AE97EB421F26605800E3F8B7 /* Assets.xcassets */; };
		AE97EB461F26605800E3F8B7 /* LaunchScreen.storyboard in Resources */ = {isa = PBXBuildFile; fileRef = AE97EB441F26605800E3F8B7 /* LaunchScreen.storyboard */; };
		AE97EB511F26605800E3F8B7 /* Bangers_and_MashTests.swift in Sources */ = {isa = PBXBuildFile; fileRef = AE97EB501F26605800E3F8B7 /* Bangers_and_MashTests.swift */; };
		AE97EB5C1F26605800E3F8B7 /* Bangers_and_MashUITests.swift in Sources */ = {isa = PBXBuildFile; fileRef = AE97EB5B1F26605800E3F8B7 /* Bangers_and_MashUITests.swift */; };
		ED188FB26E453B8EA715024C /* Pods_Bangers_and_Mash.framework in Frameworks */ = {isa = PBXBuildFile; fileRef = C543D9CF50D04FA67A1ED3B4 /* Pods_Bangers_and_Mash.framework */; };
/* End PBXBuildFile section */

/* Begin PBXContainerItemProxy section */
		AE97EB4D1F26605800E3F8B7 /* PBXContainerItemProxy */ = {
			isa = PBXContainerItemProxy;
			containerPortal = AE97EB301F26605800E3F8B7 /* Project object */;
			proxyType = 1;
			remoteGlobalIDString = AE97EB371F26605800E3F8B7;
			remoteInfo = "Bangers and Mash";
		};
		AE97EB581F26605800E3F8B7 /* PBXContainerItemProxy */ = {
			isa = PBXContainerItemProxy;
			containerPortal = AE97EB301F26605800E3F8B7 /* Project object */;
			proxyType = 1;
			remoteGlobalIDString = AE97EB371F26605800E3F8B7;
			remoteInfo = "Bangers and Mash";
		};
/* End PBXContainerItemProxy section */

/* Begin PBXFileReference section */
		08CA56B1CA1570BD68DBA59F /* Pods-Bangers and MashUITests.release.xcconfig */ = {isa = PBXFileReference; includeInIndex = 1; lastKnownFileType = text.xcconfig; name = "Pods-Bangers and MashUITests.release.xcconfig"; path = "Pods/Target Support Files/Pods-Bangers and MashUITests/Pods-Bangers and MashUITests.release.xcconfig"; sourceTree = "<group>"; };
		5D7D804B5D41DB1FDC24CAB9 /* Pods-Bangers and Mash.release.xcconfig */ = {isa = PBXFileReference; includeInIndex = 1; lastKnownFileType = text.xcconfig; name = "Pods-Bangers and Mash.release.xcconfig"; path = "Pods/Target Support Files/Pods-Bangers and Mash/Pods-Bangers and Mash.release.xcconfig"; sourceTree = "<group>"; };
		62B1D9A56A9B68584F3CFC19 /* Pods-Bangers and MashTests.release.xcconfig */ = {isa = PBXFileReference; includeInIndex = 1; lastKnownFileType = text.xcconfig; name = "Pods-Bangers and MashTests.release.xcconfig"; path = "Pods/Target Support Files/Pods-Bangers and MashTests/Pods-Bangers and MashTests.release.xcconfig"; sourceTree = "<group>"; };
		64E96BA88A489E72E5009782 /* Pods_Bangers_and_MashTests.framework */ = {isa = PBXFileReference; explicitFileType = wrapper.framework; includeInIndex = 0; path = Pods_Bangers_and_MashTests.framework; sourceTree = BUILT_PRODUCTS_DIR; };
		871B94FC7FDB3F75A8FF7E64 /* Pods_Bangers_and_MashUITests.framework */ = {isa = PBXFileReference; explicitFileType = wrapper.framework; includeInIndex = 0; path = Pods_Bangers_and_MashUITests.framework; sourceTree = BUILT_PRODUCTS_DIR; };
		AE471F001F26702D00BB03B6 /* main.swift */ = {isa = PBXFileReference; fileEncoding = 4; lastKnownFileType = sourcecode.swift; path = main.swift; sourceTree = "<group>"; };
		AE97EB381F26605800E3F8B7 /* Bangers and Mash.app */ = {isa = PBXFileReference; explicitFileType = wrapper.application; includeInIndex = 0; path = "Bangers and Mash.app"; sourceTree = BUILT_PRODUCTS_DIR; };
		AE97EB3B1F26605800E3F8B7 /* AppDelegate.swift */ = {isa = PBXFileReference; lastKnownFileType = sourcecode.swift; path = AppDelegate.swift; sourceTree = "<group>"; };
		AE97EB3D1F26605800E3F8B7 /* ViewController.swift */ = {isa = PBXFileReference; lastKnownFileType = sourcecode.swift; path = ViewController.swift; sourceTree = "<group>"; };
		AE97EB401F26605800E3F8B7 /* Base */ = {isa = PBXFileReference; lastKnownFileType = file.storyboard; name = Base; path = Base.lproj/Main.storyboard; sourceTree = "<group>"; };
		AE97EB421F26605800E3F8B7 /* Assets.xcassets */ = {isa = PBXFileReference; lastKnownFileType = folder.assetcatalog; path = Assets.xcassets; sourceTree = "<group>"; };
		AE97EB451F26605800E3F8B7 /* Base */ = {isa = PBXFileReference; lastKnownFileType = file.storyboard; name = Base; path = Base.lproj/LaunchScreen.storyboard; sourceTree = "<group>"; };
		AE97EB471F26605800E3F8B7 /* Info.plist */ = {isa = PBXFileReference; lastKnownFileType = text.plist.xml; path = Info.plist; sourceTree = "<group>"; };
		AE97EB4C1F26605800E3F8B7 /* Bangers and MashTests.xctest */ = {isa = PBXFileReference; explicitFileType = wrapper.cfbundle; includeInIndex = 0; path = "Bangers and MashTests.xctest"; sourceTree = BUILT_PRODUCTS_DIR; };
		AE97EB501F26605800E3F8B7 /* Bangers_and_MashTests.swift */ = {isa = PBXFileReference; lastKnownFileType = sourcecode.swift; path = Bangers_and_MashTests.swift; sourceTree = "<group>"; };
		AE97EB521F26605800E3F8B7 /* Info.plist */ = {isa = PBXFileReference; lastKnownFileType = text.plist.xml; path = Info.plist; sourceTree = "<group>"; };
		AE97EB571F26605800E3F8B7 /* Bangers and MashUITests.xctest */ = {isa = PBXFileReference; explicitFileType = wrapper.cfbundle; includeInIndex = 0; path = "Bangers and MashUITests.xctest"; sourceTree = BUILT_PRODUCTS_DIR; };
		AE97EB5B1F26605800E3F8B7 /* Bangers_and_MashUITests.swift */ = {isa = PBXFileReference; lastKnownFileType = sourcecode.swift; path = Bangers_and_MashUITests.swift; sourceTree = "<group>"; };
		AE97EB5D1F26605800E3F8B7 /* Info.plist */ = {isa = PBXFileReference; lastKnownFileType = text.plist.xml; path = Info.plist; sourceTree = "<group>"; };
		B3A53A65EC66B62DA3A83A7B /* Pods-Bangers and MashTests.debug.xcconfig */ = {isa = PBXFileReference; includeInIndex = 1; lastKnownFileType = text.xcconfig; name = "Pods-Bangers and MashTests.debug.xcconfig"; path = "Pods/Target Support Files/Pods-Bangers and MashTests/Pods-Bangers and MashTests.debug.xcconfig"; sourceTree = "<group>"; };
		C543D9CF50D04FA67A1ED3B4 /* Pods_Bangers_and_Mash.framework */ = {isa = PBXFileReference; explicitFileType = wrapper.framework; includeInIndex = 0; path = Pods_Bangers_and_Mash.framework; sourceTree = BUILT_PRODUCTS_DIR; };
		D8A40EB490794CCFE95372E6 /* Pods-Bangers and Mash.debug.xcconfig */ = {isa = PBXFileReference; includeInIndex = 1; lastKnownFileType = text.xcconfig; name = "Pods-Bangers and Mash.debug.xcconfig"; path = "Pods/Target Support Files/Pods-Bangers and Mash/Pods-Bangers and Mash.debug.xcconfig"; sourceTree = "<group>"; };
		E9BA577600F50C4AB9521A01 /* Pods-Bangers and MashUITests.debug.xcconfig */ = {isa = PBXFileReference; includeInIndex = 1; lastKnownFileType = text.xcconfig; name = "Pods-Bangers and MashUITests.debug.xcconfig"; path = "Pods/Target Support Files/Pods-Bangers and MashUITests/Pods-Bangers and MashUITests.debug.xcconfig"; sourceTree = "<group>"; };
/* End PBXFileReference section */

/* Begin PBXFrameworksBuildPhase section */
		AE97EB351F26605800E3F8B7 /* Frameworks */ = {
			isa = PBXFrameworksBuildPhase;
			buildActionMask = 2147483647;
			files = (
				ED188FB26E453B8EA715024C /* Pods_Bangers_and_Mash.framework in Frameworks */,
			);
			runOnlyForDeploymentPostprocessing = 0;
		};
		AE97EB491F26605800E3F8B7 /* Frameworks */ = {
			isa = PBXFrameworksBuildPhase;
			buildActionMask = 2147483647;
			files = (
				785408949DF4C140025F8CAB /* Pods_Bangers_and_MashTests.framework in Frameworks */,
			);
			runOnlyForDeploymentPostprocessing = 0;
		};
		AE97EB541F26605800E3F8B7 /* Frameworks */ = {
			isa = PBXFrameworksBuildPhase;
			buildActionMask = 2147483647;
			files = (
				A60BE110DC42D84BCA118505 /* Pods_Bangers_and_MashUITests.framework in Frameworks */,
			);
			runOnlyForDeploymentPostprocessing = 0;
		};
/* End PBXFrameworksBuildPhase section */

/* Begin PBXGroup section */
		22513DE7058956DC3AA7C5BF /* Frameworks */ = {
			isa = PBXGroup;
			children = (
				C543D9CF50D04FA67A1ED3B4 /* Pods_Bangers_and_Mash.framework */,
				64E96BA88A489E72E5009782 /* Pods_Bangers_and_MashTests.framework */,
				871B94FC7FDB3F75A8FF7E64 /* Pods_Bangers_and_MashUITests.framework */,
			);
			name = Frameworks;
			sourceTree = "<group>";
		};
		AE97EB2F1F26605800E3F8B7 = {
			isa = PBXGroup;
			children = (
				AE97EB3A1F26605800E3F8B7 /* Bangers and Mash */,
				AE97EB4F1F26605800E3F8B7 /* Bangers and MashTests */,
				AE97EB5A1F26605800E3F8B7 /* Bangers and MashUITests */,
				AE97EB391F26605800E3F8B7 /* Products */,
				E8BF5C3CC321B0F563FC9B39 /* Pods */,
				22513DE7058956DC3AA7C5BF /* Frameworks */,
			);
			sourceTree = "<group>";
		};
		AE97EB391F26605800E3F8B7 /* Products */ = {
			isa = PBXGroup;
			children = (
				AE97EB381F26605800E3F8B7 /* Bangers and Mash.app */,
				AE97EB4C1F26605800E3F8B7 /* Bangers and MashTests.xctest */,
				AE97EB571F26605800E3F8B7 /* Bangers and MashUITests.xctest */,
			);
			name = Products;
			sourceTree = "<group>";
		};
		AE97EB3A1F26605800E3F8B7 /* Bangers and Mash */ = {
			isa = PBXGroup;
			children = (
				AE97EB3B1F26605800E3F8B7 /* AppDelegate.swift */,
				AE97EB3D1F26605800E3F8B7 /* ViewController.swift */,
				AE97EB3F1F26605800E3F8B7 /* Main.storyboard */,
				AE97EB421F26605800E3F8B7 /* Assets.xcassets */,
				AE97EB441F26605800E3F8B7 /* LaunchScreen.storyboard */,
				AE97EB471F26605800E3F8B7 /* Info.plist */,
				AE471F001F26702D00BB03B6 /* main.swift */,
			);
			path = "Bangers and Mash";
			sourceTree = "<group>";
		};
		AE97EB4F1F26605800E3F8B7 /* Bangers and MashTests */ = {
			isa = PBXGroup;
			children = (
				AE97EB501F26605800E3F8B7 /* Bangers_and_MashTests.swift */,
				AE97EB521F26605800E3F8B7 /* Info.plist */,
			);
			path = "Bangers and MashTests";
			sourceTree = "<group>";
		};
		AE97EB5A1F26605800E3F8B7 /* Bangers and MashUITests */ = {
			isa = PBXGroup;
			children = (
				AE97EB5B1F26605800E3F8B7 /* Bangers_and_MashUITests.swift */,
				AE97EB5D1F26605800E3F8B7 /* Info.plist */,
			);
			path = "Bangers and MashUITests";
			sourceTree = "<group>";
		};
		E8BF5C3CC321B0F563FC9B39 /* Pods */ = {
			isa = PBXGroup;
			children = (
				D8A40EB490794CCFE95372E6 /* Pods-Bangers and Mash.debug.xcconfig */,
				5D7D804B5D41DB1FDC24CAB9 /* Pods-Bangers and Mash.release.xcconfig */,
				B3A53A65EC66B62DA3A83A7B /* Pods-Bangers and MashTests.debug.xcconfig */,
				62B1D9A56A9B68584F3CFC19 /* Pods-Bangers and MashTests.release.xcconfig */,
				E9BA577600F50C4AB9521A01 /* Pods-Bangers and MashUITests.debug.xcconfig */,
				08CA56B1CA1570BD68DBA59F /* Pods-Bangers and MashUITests.release.xcconfig */,
			);
			name = Pods;
			sourceTree = "<group>";
		};
/* End PBXGroup section */

/* Begin PBXNativeTarget section */
		AE97EB371F26605800E3F8B7 /* Bangers and Mash */ = {
			isa = PBXNativeTarget;
			buildConfigurationList = AE97EB601F26605800E3F8B7 /* Build configuration list for PBXNativeTarget "Bangers and Mash" */;
			buildPhases = (
				6DDDC3C7C820BAE4DC69A2D1 /* [CP] Check Pods Manifest.lock */,
				AE97EB341F26605800E3F8B7 /* Sources */,
				AE97EB351F26605800E3F8B7 /* Frameworks */,
				AE97EB361F26605800E3F8B7 /* Resources */,
				436F9B79162BAAC400BB3034 /* [CP] Embed Pods Frameworks */,
				04701665C8DF216FFA830B7B /* [CP] Copy Pods Resources */,
			);
			buildRules = (
			);
			dependencies = (
			);
			name = "Bangers and Mash";
			productName = "Bangers and Mash";
			productReference = AE97EB381F26605800E3F8B7 /* Bangers and Mash.app */;
			productType = "com.apple.product-type.application";
		};
		AE97EB4B1F26605800E3F8B7 /* Bangers and MashTests */ = {
			isa = PBXNativeTarget;
			buildConfigurationList = AE97EB631F26605800E3F8B7 /* Build configuration list for PBXNativeTarget "Bangers and MashTests" */;
			buildPhases = (
				8FBFE04812426BD56FE82431 /* [CP] Check Pods Manifest.lock */,
				AE97EB481F26605800E3F8B7 /* Sources */,
				AE97EB491F26605800E3F8B7 /* Frameworks */,
				AE97EB4A1F26605800E3F8B7 /* Resources */,
				BE4FC74921FD84AC9CC3BBCC /* [CP] Embed Pods Frameworks */,
				AD4D079F750E5C8D20530C8A /* [CP] Copy Pods Resources */,
			);
			buildRules = (
			);
			dependencies = (
				AE97EB4E1F26605800E3F8B7 /* PBXTargetDependency */,
			);
			name = "Bangers and MashTests";
			productName = "Bangers and MashTests";
			productReference = AE97EB4C1F26605800E3F8B7 /* Bangers and MashTests.xctest */;
			productType = "com.apple.product-type.bundle.unit-test";
		};
		AE97EB561F26605800E3F8B7 /* Bangers and MashUITests */ = {
			isa = PBXNativeTarget;
			buildConfigurationList = AE97EB661F26605800E3F8B7 /* Build configuration list for PBXNativeTarget "Bangers and MashUITests" */;
			buildPhases = (
				1DCB54715B6DF3CE9D5C2A9F /* [CP] Check Pods Manifest.lock */,
				AE97EB531F26605800E3F8B7 /* Sources */,
				AE97EB541F26605800E3F8B7 /* Frameworks */,
				AE97EB551F26605800E3F8B7 /* Resources */,
				57949562B68FCD8D318C9AFB /* [CP] Embed Pods Frameworks */,
				6918AE766F3D29337537ACF0 /* [CP] Copy Pods Resources */,
			);
			buildRules = (
			);
			dependencies = (
				AE97EB591F26605800E3F8B7 /* PBXTargetDependency */,
			);
			name = "Bangers and MashUITests";
			productName = "Bangers and MashUITests";
			productReference = AE97EB571F26605800E3F8B7 /* Bangers and MashUITests.xctest */;
			productType = "com.apple.product-type.bundle.ui-testing";
		};
/* End PBXNativeTarget section */

/* Begin PBXProject section */
		AE97EB301F26605800E3F8B7 /* Project object */ = {
			isa = PBXProject;
			attributes = {
				LastSwiftUpdateCheck = 0830;
				LastUpgradeCheck = 0830;
				ORGANIZATIONNAME = "Rocketbelt Labs";
				TargetAttributes = {
					AE97EB371F26605800E3F8B7 = {
						CreatedOnToolsVersion = 8.3.3;
						ProvisioningStyle = Automatic;
					};
					AE97EB4B1F26605800E3F8B7 = {
						CreatedOnToolsVersion = 8.3.3;
						ProvisioningStyle = Automatic;
						TestTargetID = AE97EB371F26605800E3F8B7;
					};
					AE97EB561F26605800E3F8B7 = {
						CreatedOnToolsVersion = 8.3.3;
						ProvisioningStyle = Automatic;
						TestTargetID = AE97EB371F26605800E3F8B7;
					};
				};
			};
			buildConfigurationList = AE97EB331F26605800E3F8B7 /* Build configuration list for PBXProject "Bangers and Mash" */;
			compatibilityVersion = "Xcode 3.2";
			developmentRegion = English;
			hasScannedForEncodings = 0;
			knownRegions = (
				en,
				Base,
			);
			mainGroup = AE97EB2F1F26605800E3F8B7;
			productRefGroup = AE97EB391F26605800E3F8B7 /* Products */;
			projectDirPath = "";
			projectRoot = "";
			targets = (
				AE97EB371F26605800E3F8B7 /* Bangers and Mash */,
				AE97EB4B1F26605800E3F8B7 /* Bangers and MashTests */,
				AE97EB561F26605800E3F8B7 /* Bangers and MashUITests */,
			);
		};
/* End PBXProject section */

/* Begin PBXResourcesBuildPhase section */
		AE97EB361F26605800E3F8B7 /* Resources */ = {
			isa = PBXResourcesBuildPhase;
			buildActionMask = 2147483647;
			files = (
				AE97EB461F26605800E3F8B7 /* LaunchScreen.storyboard in Resources */,
				AE97EB431F26605800E3F8B7 /* Assets.xcassets in Resources */,
				AE97EB411F26605800E3F8B7 /* Main.storyboard in Resources */,
			);
			runOnlyForDeploymentPostprocessing = 0;
		};
		AE97EB4A1F26605800E3F8B7 /* Resources */ = {
			isa = PBXResourcesBuildPhase;
			buildActionMask = 2147483647;
			files = (
			);
			runOnlyForDeploymentPostprocessing = 0;
		};
		AE97EB551F26605800E3F8B7 /* Resources */ = {
			isa = PBXResourcesBuildPhase;
			buildActionMask = 2147483647;
			files = (
			);
			runOnlyForDeploymentPostprocessing = 0;
		};
/* End PBXResourcesBuildPhase section */

/* Begin PBXShellScriptBuildPhase section */
		04701665C8DF216FFA830B7B /* [CP] Copy Pods Resources */ = {
			isa = PBXShellScriptBuildPhase;
			buildActionMask = 2147483647;
			files = (
			);
			inputPaths = (
			);
			name = "[CP] Copy Pods Resources";
			outputPaths = (
			);
			runOnlyForDeploymentPostprocessing = 0;
			shellPath = /bin/sh;
			shellScript = "\"${SRCROOT}/Pods/Target Support Files/Pods-Bangers and Mash/Pods-Bangers and Mash-resources.sh\"\n";
			showEnvVarsInLog = 0;
		};
		1DCB54715B6DF3CE9D5C2A9F /* [CP] Check Pods Manifest.lock */ = {
			isa = PBXShellScriptBuildPhase;
			buildActionMask = 2147483647;
			files = (
			);
			inputPaths = (
			);
			name = "[CP] Check Pods Manifest.lock";
			outputPaths = (
			);
			runOnlyForDeploymentPostprocessing = 0;
			shellPath = /bin/sh;
			shellScript = "diff \"${PODS_PODFILE_DIR_PATH}/Podfile.lock\" \"${PODS_ROOT}/Manifest.lock\" > /dev/null\nif [ $? != 0 ] ; then\n    # print error to STDERR\n    echo \"error: The sandbox is not in sync with the Podfile.lock. Run 'pod install' or update your CocoaPods installation.\" >&2\n    exit 1\nfi\n";
			showEnvVarsInLog = 0;
		};
		436F9B79162BAAC400BB3034 /* [CP] Embed Pods Frameworks */ = {
			isa = PBXShellScriptBuildPhase;
			buildActionMask = 2147483647;
			files = (
			);
			inputPaths = (
			);
			name = "[CP] Embed Pods Frameworks";
			outputPaths = (
			);
			runOnlyForDeploymentPostprocessing = 0;
			shellPath = /bin/sh;
			shellScript = "\"${SRCROOT}/Pods/Target Support Files/Pods-Bangers and Mash/Pods-Bangers and Mash-frameworks.sh\"\n";
			showEnvVarsInLog = 0;
		};
		57949562B68FCD8D318C9AFB /* [CP] Embed Pods Frameworks */ = {
			isa = PBXShellScriptBuildPhase;
			buildActionMask = 2147483647;
			files = (
			);
			inputPaths = (
			);
			name = "[CP] Embed Pods Frameworks";
			outputPaths = (
			);
			runOnlyForDeploymentPostprocessing = 0;
			shellPath = /bin/sh;
			shellScript = "\"${SRCROOT}/Pods/Target Support Files/Pods-Bangers and MashUITests/Pods-Bangers and MashUITests-frameworks.sh\"\n";
			showEnvVarsInLog = 0;
		};
		6918AE766F3D29337537ACF0 /* [CP] Copy Pods Resources */ = {
			isa = PBXShellScriptBuildPhase;
			buildActionMask = 2147483647;
			files = (
			);
			inputPaths = (
			);
			name = "[CP] Copy Pods Resources";
			outputPaths = (
			);
			runOnlyForDeploymentPostprocessing = 0;
			shellPath = /bin/sh;
			shellScript = "\"${SRCROOT}/Pods/Target Support Files/Pods-Bangers and MashUITests/Pods-Bangers and MashUITests-resources.sh\"\n";
			showEnvVarsInLog = 0;
		};
		6DDDC3C7C820BAE4DC69A2D1 /* [CP] Check Pods Manifest.lock */ = {
			isa = PBXShellScriptBuildPhase;
			buildActionMask = 2147483647;
			files = (
			);
			inputPaths = (
			);
			name = "[CP] Check Pods Manifest.lock";
			outputPaths = (
			);
			runOnlyForDeploymentPostprocessing = 0;
			shellPath = /bin/sh;
			shellScript = "diff \"${PODS_PODFILE_DIR_PATH}/Podfile.lock\" \"${PODS_ROOT}/Manifest.lock\" > /dev/null\nif [ $? != 0 ] ; then\n    # print error to STDERR\n    echo \"error: The sandbox is not in sync with the Podfile.lock. Run 'pod install' or update your CocoaPods installation.\" >&2\n    exit 1\nfi\n";
			showEnvVarsInLog = 0;
		};
		8FBFE04812426BD56FE82431 /* [CP] Check Pods Manifest.lock */ = {
			isa = PBXShellScriptBuildPhase;
			buildActionMask = 2147483647;
			files = (
			);
			inputPaths = (
			);
			name = "[CP] Check Pods Manifest.lock";
			outputPaths = (
			);
			runOnlyForDeploymentPostprocessing = 0;
			shellPath = /bin/sh;
			shellScript = "diff \"${PODS_PODFILE_DIR_PATH}/Podfile.lock\" \"${PODS_ROOT}/Manifest.lock\" > /dev/null\nif [ $? != 0 ] ; then\n    # print error to STDERR\n    echo \"error: The sandbox is not in sync with the Podfile.lock. Run 'pod install' or update your CocoaPods installation.\" >&2\n    exit 1\nfi\n";
			showEnvVarsInLog = 0;
		};
		AD4D079F750E5C8D20530C8A /* [CP] Copy Pods Resources */ = {
			isa = PBXShellScriptBuildPhase;
			buildActionMask = 2147483647;
			files = (
			);
			inputPaths = (
			);
			name = "[CP] Copy Pods Resources";
			outputPaths = (
			);
			runOnlyForDeploymentPostprocessing = 0;
			shellPath = /bin/sh;
			shellScript = "\"${SRCROOT}/Pods/Target Support Files/Pods-Bangers and MashTests/Pods-Bangers and MashTests-resources.sh\"\n";
			showEnvVarsInLog = 0;
		};
		BE4FC74921FD84AC9CC3BBCC /* [CP] Embed Pods Frameworks */ = {
			isa = PBXShellScriptBuildPhase;
			buildActionMask = 2147483647;
			files = (
			);
			inputPaths = (
			);
			name = "[CP] Embed Pods Frameworks";
			outputPaths = (
			);
			runOnlyForDeploymentPostprocessing = 0;
			shellPath = /bin/sh;
			shellScript = "\"${SRCROOT}/Pods/Target Support Files/Pods-Bangers and MashTests/Pods-Bangers and MashTests-frameworks.sh\"\n";
			showEnvVarsInLog = 0;
		};
/* End PBXShellScriptBuildPhase section */

/* Begin PBXSourcesBuildPhase section */
		AE97EB341F26605800E3F8B7 /* Sources */ = {
			isa = PBXSourcesBuildPhase;
			buildActionMask = 2147483647;
			files = (
				AE97EB3E1F26605800E3F8B7 /* ViewController.swift in Sources */,
				AE97EB3C1F26605800E3F8B7 /* AppDelegate.swift in Sources */,
				AE471F011F26702D00BB03B6 /* main.swift in Sources */,
			);
			runOnlyForDeploymentPostprocessing = 0;
		};
		AE97EB481F26605800E3F8B7 /* Sources */ = {
			isa = PBXSourcesBuildPhase;
			buildActionMask = 2147483647;
			files = (
				AE97EB511F26605800E3F8B7 /* Bangers_and_MashTests.swift in Sources */,
			);
			runOnlyForDeploymentPostprocessing = 0;
		};
		AE97EB531F26605800E3F8B7 /* Sources */ = {
			isa = PBXSourcesBuildPhase;
			buildActionMask = 2147483647;
			files = (
				AE97EB5C1F26605800E3F8B7 /* Bangers_and_MashUITests.swift in Sources */,
			);
			runOnlyForDeploymentPostprocessing = 0;
		};
/* End PBXSourcesBuildPhase section */

/* Begin PBXTargetDependency section */
		AE97EB4E1F26605800E3F8B7 /* PBXTargetDependency */ = {
			isa = PBXTargetDependency;
			target = AE97EB371F26605800E3F8B7 /* Bangers and Mash */;
			targetProxy = AE97EB4D1F26605800E3F8B7 /* PBXContainerItemProxy */;
		};
		AE97EB591F26605800E3F8B7 /* PBXTargetDependency */ = {
			isa = PBXTargetDependency;
			target = AE97EB371F26605800E3F8B7 /* Bangers and Mash */;
			targetProxy = AE97EB581F26605800E3F8B7 /* PBXContainerItemProxy */;
		};
/* End PBXTargetDependency section */

/* Begin PBXVariantGroup section */
		AE97EB3F1F26605800E3F8B7 /* Main.storyboard */ = {
			isa = PBXVariantGroup;
			children = (
				AE97EB401F26605800E3F8B7 /* Base */,
			);
			name = Main.storyboard;
			sourceTree = "<group>";
		};
		AE97EB441F26605800E3F8B7 /* LaunchScreen.storyboard */ = {
			isa = PBXVariantGroup;
			children = (
				AE97EB451F26605800E3F8B7 /* Base */,
			);
			name = LaunchScreen.storyboard;
			sourceTree = "<group>";
		};
/* End PBXVariantGroup section */

/* Begin XCBuildConfiguration section */
		AE97EB5E1F26605800E3F8B7 /* Debug */ = {
			isa = XCBuildConfiguration;
			buildSettings = {
				ALWAYS_SEARCH_USER_PATHS = NO;
				CLANG_ANALYZER_NONNULL = YES;
				CLANG_ANALYZER_NUMBER_OBJECT_CONVERSION = YES_AGGRESSIVE;
				CLANG_CXX_LANGUAGE_STANDARD = "gnu++0x";
				CLANG_CXX_LIBRARY = "libc++";
				CLANG_ENABLE_MODULES = YES;
				CLANG_ENABLE_OBJC_ARC = YES;
				CLANG_WARN_BOOL_CONVERSION = YES;
				CLANG_WARN_CONSTANT_CONVERSION = YES;
				CLANG_WARN_DIRECT_OBJC_ISA_USAGE = YES_ERROR;
				CLANG_WARN_DOCUMENTATION_COMMENTS = YES;
				CLANG_WARN_EMPTY_BODY = YES;
				CLANG_WARN_ENUM_CONVERSION = YES;
				CLANG_WARN_INFINITE_RECURSION = YES;
				CLANG_WARN_INT_CONVERSION = YES;
				CLANG_WARN_OBJC_ROOT_CLASS = YES_ERROR;
				CLANG_WARN_SUSPICIOUS_MOVE = YES;
				CLANG_WARN_UNREACHABLE_CODE = YES;
				CLANG_WARN__DUPLICATE_METHOD_MATCH = YES;
				"CODE_SIGN_IDENTITY[sdk=iphoneos*]" = "iPhone Developer";
				COPY_PHASE_STRIP = NO;
				DEBUG_INFORMATION_FORMAT = dwarf;
				ENABLE_STRICT_OBJC_MSGSEND = YES;
				ENABLE_TESTABILITY = YES;
				GCC_C_LANGUAGE_STANDARD = gnu99;
				GCC_DYNAMIC_NO_PIC = NO;
				GCC_NO_COMMON_BLOCKS = YES;
				GCC_OPTIMIZATION_LEVEL = 0;
				GCC_PREPROCESSOR_DEFINITIONS = (
					"DEBUG=1",
					"$(inherited)",
				);
				GCC_WARN_64_TO_32_BIT_CONVERSION = YES;
				GCC_WARN_ABOUT_RETURN_TYPE = YES_ERROR;
				GCC_WARN_UNDECLARED_SELECTOR = YES;
				GCC_WARN_UNINITIALIZED_AUTOS = YES_AGGRESSIVE;
				GCC_WARN_UNUSED_FUNCTION = YES;
				GCC_WARN_UNUSED_VARIABLE = YES;
				IPHONEOS_DEPLOYMENT_TARGET = 10.3;
				MTL_ENABLE_DEBUG_INFO = YES;
				ONLY_ACTIVE_ARCH = YES;
				SDKROOT = iphoneos;
				SWIFT_ACTIVE_COMPILATION_CONDITIONS = DEBUG;
				SWIFT_OPTIMIZATION_LEVEL = "-Onone";
				TARGETED_DEVICE_FAMILY = "1,2";
			};
			name = Debug;
		};
		AE97EB5F1F26605800E3F8B7 /* Release */ = {
			isa = XCBuildConfiguration;
			buildSettings = {
				ALWAYS_SEARCH_USER_PATHS = NO;
				CLANG_ANALYZER_NONNULL = YES;
				CLANG_ANALYZER_NUMBER_OBJECT_CONVERSION = YES_AGGRESSIVE;
				CLANG_CXX_LANGUAGE_STANDARD = "gnu++0x";
				CLANG_CXX_LIBRARY = "libc++";
				CLANG_ENABLE_MODULES = YES;
				CLANG_ENABLE_OBJC_ARC = YES;
				CLANG_WARN_BOOL_CONVERSION = YES;
				CLANG_WARN_CONSTANT_CONVERSION = YES;
				CLANG_WARN_DIRECT_OBJC_ISA_USAGE = YES_ERROR;
				CLANG_WARN_DOCUMENTATION_COMMENTS = YES;
				CLANG_WARN_EMPTY_BODY = YES;
				CLANG_WARN_ENUM_CONVERSION = YES;
				CLANG_WARN_INFINITE_RECURSION = YES;
				CLANG_WARN_INT_CONVERSION = YES;
				CLANG_WARN_OBJC_ROOT_CLASS = YES_ERROR;
				CLANG_WARN_SUSPICIOUS_MOVE = YES;
				CLANG_WARN_UNREACHABLE_CODE = YES;
				CLANG_WARN__DUPLICATE_METHOD_MATCH = YES;
				"CODE_SIGN_IDENTITY[sdk=iphoneos*]" = "iPhone Developer";
				COPY_PHASE_STRIP = NO;
				DEBUG_INFORMATION_FORMAT = "dwarf-with-dsym";
				ENABLE_NS_ASSERTIONS = NO;
				ENABLE_STRICT_OBJC_MSGSEND = YES;
				GCC_C_LANGUAGE_STANDARD = gnu99;
				GCC_NO_COMMON_BLOCKS = YES;
				GCC_WARN_64_TO_32_BIT_CONVERSION = YES;
				GCC_WARN_ABOUT_RETURN_TYPE = YES_ERROR;
				GCC_WARN_UNDECLARED_SELECTOR = YES;
				GCC_WARN_UNINITIALIZED_AUTOS = YES_AGGRESSIVE;
				GCC_WARN_UNUSED_FUNCTION = YES;
				GCC_WARN_UNUSED_VARIABLE = YES;
				IPHONEOS_DEPLOYMENT_TARGET = 10.3;
				MTL_ENABLE_DEBUG_INFO = NO;
				SDKROOT = iphoneos;
				SWIFT_OPTIMIZATION_LEVEL = "-Owholemodule";
				TARGETED_DEVICE_FAMILY = "1,2";
				VALIDATE_PRODUCT = YES;
			};
			name = Release;
		};
		AE97EB611F26605800E3F8B7 /* Debug */ = {
			isa = XCBuildConfiguration;
			baseConfigurationReference = D8A40EB490794CCFE95372E6 /* Pods-Bangers and Mash.debug.xcconfig */;
			buildSettings = {
				ASSETCATALOG_COMPILER_APPICON_NAME = AppIcon;
				INFOPLIST_FILE = "Bangers and Mash/Info.plist";
				LD_RUNPATH_SEARCH_PATHS = "$(inherited) @executable_path/Frameworks";
				PRODUCT_BUNDLE_IDENTIFIER = "com.rocketbeltlabs.Bangers-and-Mash";
				PRODUCT_NAME = "$(TARGET_NAME)";
				SWIFT_VERSION = 3.0;
			};
			name = Debug;
		};
		AE97EB621F26605800E3F8B7 /* Release */ = {
			isa = XCBuildConfiguration;
			baseConfigurationReference = 5D7D804B5D41DB1FDC24CAB9 /* Pods-Bangers and Mash.release.xcconfig */;
			buildSettings = {
				ASSETCATALOG_COMPILER_APPICON_NAME = AppIcon;
				INFOPLIST_FILE = "Bangers and Mash/Info.plist";
				LD_RUNPATH_SEARCH_PATHS = "$(inherited) @executable_path/Frameworks";
				PRODUCT_BUNDLE_IDENTIFIER = "com.rocketbeltlabs.Bangers-and-Mash";
				PRODUCT_NAME = "$(TARGET_NAME)";
				SWIFT_VERSION = 3.0;
			};
			name = Release;
		};
		AE97EB641F26605800E3F8B7 /* Debug */ = {
			isa = XCBuildConfiguration;
			baseConfigurationReference = B3A53A65EC66B62DA3A83A7B /* Pods-Bangers and MashTests.debug.xcconfig */;
			buildSettings = {
				ALWAYS_EMBED_SWIFT_STANDARD_LIBRARIES = "$(inherited)";
				BUNDLE_LOADER = "$(TEST_HOST)";
				INFOPLIST_FILE = "Bangers and MashTests/Info.plist";
				LD_RUNPATH_SEARCH_PATHS = "$(inherited) @executable_path/Frameworks @loader_path/Frameworks";
				PRODUCT_BUNDLE_IDENTIFIER = "com.rocketbeltlabs.Bangers-and-MashTests";
				PRODUCT_NAME = "$(TARGET_NAME)";
				SWIFT_VERSION = 3.0;
				TEST_HOST = "$(BUILT_PRODUCTS_DIR)/Bangers and Mash.app/Bangers and Mash";
			};
			name = Debug;
		};
		AE97EB651F26605800E3F8B7 /* Release */ = {
			isa = XCBuildConfiguration;
			baseConfigurationReference = 62B1D9A56A9B68584F3CFC19 /* Pods-Bangers and MashTests.release.xcconfig */;
			buildSettings = {
				ALWAYS_EMBED_SWIFT_STANDARD_LIBRARIES = "$(inherited)";
				BUNDLE_LOADER = "$(TEST_HOST)";
				INFOPLIST_FILE = "Bangers and MashTests/Info.plist";
				LD_RUNPATH_SEARCH_PATHS = "$(inherited) @executable_path/Frameworks @loader_path/Frameworks";
				PRODUCT_BUNDLE_IDENTIFIER = "com.rocketbeltlabs.Bangers-and-MashTests";
				PRODUCT_NAME = "$(TARGET_NAME)";
				SWIFT_VERSION = 3.0;
				TEST_HOST = "$(BUILT_PRODUCTS_DIR)/Bangers and Mash.app/Bangers and Mash";
			};
			name = Release;
		};
		AE97EB671F26605800E3F8B7 /* Debug */ = {
			isa = XCBuildConfiguration;
			baseConfigurationReference = E9BA577600F50C4AB9521A01 /* Pods-Bangers and MashUITests.debug.xcconfig */;
			buildSettings = {
				ALWAYS_EMBED_SWIFT_STANDARD_LIBRARIES = "$(inherited)";
				INFOPLIST_FILE = "Bangers and MashUITests/Info.plist";
				LD_RUNPATH_SEARCH_PATHS = "$(inherited) @executable_path/Frameworks @loader_path/Frameworks";
				PRODUCT_BUNDLE_IDENTIFIER = "com.rocketbeltlabs.Bangers-and-MashUITests";
				PRODUCT_NAME = "$(TARGET_NAME)";
				SWIFT_VERSION = 3.0;
				TEST_TARGET_NAME = "Bangers and Mash";
			};
			name = Debug;
		};
		AE97EB681F26605800E3F8B7 /* Release */ = {
			isa = XCBuildConfiguration;
			baseConfigurationReference = 08CA56B1CA1570BD68DBA59F /* Pods-Bangers and MashUITests.release.xcconfig */;
			buildSettings = {
				ALWAYS_EMBED_SWIFT_STANDARD_LIBRARIES = "$(inherited)";
				INFOPLIST_FILE = "Bangers and MashUITests/Info.plist";
				LD_RUNPATH_SEARCH_PATHS = "$(inherited) @executable_path/Frameworks @loader_path/Frameworks";
				PRODUCT_BUNDLE_IDENTIFIER = "com.rocketbeltlabs.Bangers-and-MashUITests";
				PRODUCT_NAME = "$(TARGET_NAME)";
				SWIFT_VERSION = 3.0;
				TEST_TARGET_NAME = "Bangers and Mash";
			};
			name = Release;
		};
/* End XCBuildConfiguration section */

/* Begin XCConfigurationList section */
		AE97EB331F26605800E3F8B7 /* Build configuration list for PBXProject "Bangers and Mash" */ = {
			isa = XCConfigurationList;
			buildConfigurations = (
				AE97EB5E1F26605800E3F8B7 /* Debug */,
				AE97EB5F1F26605800E3F8B7 /* Release */,
			);
			defaultConfigurationIsVisible = 0;
			defaultConfigurationName = Release;
		};
		AE97EB601F26605800E3F8B7 /* Build configuration list for PBXNativeTarget "Bangers and Mash" */ = {
			isa = XCConfigurationList;
			buildConfigurations = (
				AE97EB611F26605800E3F8B7 /* Debug */,
				AE97EB621F26605800E3F8B7 /* Release */,
			);
			defaultConfigurationIsVisible = 0;
			defaultConfigurationName = Release;
		};
		AE97EB631F26605800E3F8B7 /* Build configuration list for PBXNativeTarget "Bangers and MashTests" */ = {
			isa = XCConfigurationList;
			buildConfigurations = (
				AE97EB641F26605800E3F8B7 /* Debug */,
				AE97EB651F26605800E3F8B7 /* Release */,
			);
			defaultConfigurationIsVisible = 0;
			defaultConfigurationName = Release;
		};
		AE97EB661F26605800E3F8B7 /* Build configuration list for PBXNativeTarget "Bangers and MashUITests" */ = {
			isa = XCConfigurationList;
			buildConfigurations = (
				AE97EB671F26605800E3F8B7 /* Debug */,
				AE97EB681F26605800E3F8B7 /* Release */,
			);
			defaultConfigurationIsVisible = 0;
			defaultConfigurationName = Release;
		};
/* End XCConfigurationList section */
	};
	rootObject = AE97EB301F26605800E3F8B7 /* Project object */;
}
