// !$*UTF8*$!
{
	archiveVersion = 1;
	classes = {
	};
	objectVersion = 46;
	objects = {

/* Begin PBXBuildFile section */
		785408949DF4C140025F8CAB /* Pods_Bangers_and_MashTests.framework in Frameworks */ = {isa = PBXBuildFile; fileRef = 64E96BA88A489E72E5009782 /* Pods_Bangers_and_MashTests.framework */; };
		A60BE110DC42D84BCA118505 /* Pods_Bangers_and_MashUITests.framework in Frameworks */ = {isa = PBXBuildFile; fileRef = 871B94FC7FDB3F75A8FF7E64 /* Pods_Bangers_and_MashUITests.framework */; };
		AE29491A1F28F524004BFDD9 /* VideoArchiver.swift in Sources */ = {isa = PBXBuildFile; fileRef = AE2949191F28F524004BFDD9 /* VideoArchiver.swift */; };
		AE29491C1F28F530004BFDD9 /* VideoArchiverSpec.swift in Sources */ = {isa = PBXBuildFile; fileRef = AE29491B1F28F530004BFDD9 /* VideoArchiverSpec.swift */; };
		AE29491E1F28F7A9004BFDD9 /* ViewDismisser.swift in Sources */ = {isa = PBXBuildFile; fileRef = AE29491D1F28F7A9004BFDD9 /* ViewDismisser.swift */; };
		AE2949201F28F7D3004BFDD9 /* ViewDismisserSpec.swift in Sources */ = {isa = PBXBuildFile; fileRef = AE29491F1F28F7D3004BFDD9 /* ViewDismisserSpec.swift */; };
		AE2949221F28F80E004BFDD9 /* FakeViewDismisser.swift in Sources */ = {isa = PBXBuildFile; fileRef = AE2949211F28F80E004BFDD9 /* FakeViewDismisser.swift */; };
		AE2949241F28FEB9004BFDD9 /* FakeVideoArchiver.swift in Sources */ = {isa = PBXBuildFile; fileRef = AE2949231F28FEB9004BFDD9 /* FakeVideoArchiver.swift */; };
		AE2949261F290133004BFDD9 /* DirectoryFinder.swift in Sources */ = {isa = PBXBuildFile; fileRef = AE2949251F290133004BFDD9 /* DirectoryFinder.swift */; };
		AE2949281F2904E9004BFDD9 /* DirectoryFinderSpec.swift in Sources */ = {isa = PBXBuildFile; fileRef = AE2949271F2904E9004BFDD9 /* DirectoryFinderSpec.swift */; };
		AE29492A1F2904F9004BFDD9 /* FakeDirectoryFinder.swift in Sources */ = {isa = PBXBuildFile; fileRef = AE2949291F2904F9004BFDD9 /* FakeDirectoryFinder.swift */; };
		AE29492C1F2906FC004BFDD9 /* FakeFileManager.swift in Sources */ = {isa = PBXBuildFile; fileRef = AE29492B1F2906FC004BFDD9 /* FakeFileManager.swift */; };
		AE29492E1F2914AD004BFDD9 /* NavigationPoppinOff.swift in Sources */ = {isa = PBXBuildFile; fileRef = AE29492D1F2914AD004BFDD9 /* NavigationPoppinOff.swift */; };
		AE2949301F291611004BFDD9 /* FakeNavigationPoppinOff.swift in Sources */ = {isa = PBXBuildFile; fileRef = AE29492F1F291611004BFDD9 /* FakeNavigationPoppinOff.swift */; };
		AE2949321F291671004BFDD9 /* NavigationPoppinOffSpec.swift in Sources */ = {isa = PBXBuildFile; fileRef = AE2949311F291671004BFDD9 /* NavigationPoppinOffSpec.swift */; };
		AE2949341F292F4A004BFDD9 /* VideoCollectionViewController.swift in Sources */ = {isa = PBXBuildFile; fileRef = AE2949331F292F4A004BFDD9 /* VideoCollectionViewController.swift */; };
		AE2949361F292FF1004BFDD9 /* VideoCollectionViewControllerProvider.swift in Sources */ = {isa = PBXBuildFile; fileRef = AE2949351F292FF1004BFDD9 /* VideoCollectionViewControllerProvider.swift */; };
		AE2949381F293011004BFDD9 /* VideoCollectionViewControllerProviderSpec.swift in Sources */ = {isa = PBXBuildFile; fileRef = AE2949371F293011004BFDD9 /* VideoCollectionViewControllerProviderSpec.swift */; };
		AE29493A1F29301A004BFDD9 /* VideoCollectionViewControllerSpec.swift in Sources */ = {isa = PBXBuildFile; fileRef = AE2949391F29301A004BFDD9 /* VideoCollectionViewControllerSpec.swift */; };
		AE29493C1F29310C004BFDD9 /* FakeVideoCollectionViewControllerProvider.swift in Sources */ = {isa = PBXBuildFile; fileRef = AE29493B1F29310C004BFDD9 /* FakeVideoCollectionViewControllerProvider.swift */; };
		AE29493E1F293286004BFDD9 /* FakeVideoCollectionViewController.swift in Sources */ = {isa = PBXBuildFile; fileRef = AE29493D1F293286004BFDD9 /* FakeVideoCollectionViewController.swift */; };
		AE2949401F2934C2004BFDD9 /* VideoRepository.swift in Sources */ = {isa = PBXBuildFile; fileRef = AE29493F1F2934C2004BFDD9 /* VideoRepository.swift */; };
		AE2949421F293569004BFDD9 /* VideoRepositorySpec.swift in Sources */ = {isa = PBXBuildFile; fileRef = AE2949411F293569004BFDD9 /* VideoRepositorySpec.swift */; };
		AE2949441F29357F004BFDD9 /* FakeVideoRepository.swift in Sources */ = {isa = PBXBuildFile; fileRef = AE2949431F29357F004BFDD9 /* FakeVideoRepository.swift */; };
		AE33986B1F2816BD00A3FB8B /* VideoPlayerViewControllerProviderSpec.swift in Sources */ = {isa = PBXBuildFile; fileRef = AE33986A1F2816BD00A3FB8B /* VideoPlayerViewControllerProviderSpec.swift */; };
		AE33986D1F2817C200A3FB8B /* FakeVideoPlayerViewControllerProvider.swift in Sources */ = {isa = PBXBuildFile; fileRef = AE33986C1F2817C200A3FB8B /* FakeVideoPlayerViewControllerProvider.swift */; };
		AE33986F1F28180C00A3FB8B /* FakeVideoPlayerViewController.swift in Sources */ = {isa = PBXBuildFile; fileRef = AE33986E1F28180C00A3FB8B /* FakeVideoPlayerViewController.swift */; };
		AE471F011F26702D00BB03B6 /* main.swift in Sources */ = {isa = PBXBuildFile; fileRef = AE471F001F26702D00BB03B6 /* main.swift */; };
		AE67247A1F2679F0002AB658 /* CameraViewController.swift in Sources */ = {isa = PBXBuildFile; fileRef = AE6724791F2679F0002AB658 /* CameraViewController.swift */; };
		AE67247C1F267A1D002AB658 /* CameraViewControllerSpec.swift in Sources */ = {isa = PBXBuildFile; fileRef = AE67247B1F267A1D002AB658 /* CameraViewControllerSpec.swift */; };
		AE67247E1F267ACF002AB658 /* RecordButton.swift in Sources */ = {isa = PBXBuildFile; fileRef = AE67247D1F267ACF002AB658 /* RecordButton.swift */; };
		AE6724801F267AF4002AB658 /* RecordButtonSpec.swift in Sources */ = {isa = PBXBuildFile; fileRef = AE67247F1F267AF4002AB658 /* RecordButtonSpec.swift */; };
		AE6724821F267E4F002AB658 /* Animator.swift in Sources */ = {isa = PBXBuildFile; fileRef = AE6724811F267E4F002AB658 /* Animator.swift */; };
		AE6724841F267F0C002AB658 /* FakeAnimator.swift in Sources */ = {isa = PBXBuildFile; fileRef = AE6724831F267F0C002AB658 /* FakeAnimator.swift */; };
		AE6724861F2699F6002AB658 /* CameraControllerProvider.swift in Sources */ = {isa = PBXBuildFile; fileRef = AE6724851F2699F6002AB658 /* CameraControllerProvider.swift */; };
		AE6724881F269B3D002AB658 /* FakeCameraViewControllerProvider.swift in Sources */ = {isa = PBXBuildFile; fileRef = AE6724871F269B3D002AB658 /* FakeCameraViewControllerProvider.swift */; };
		AE67248A1F269C7C002AB658 /* FakeSwiftyCamViewController.swift in Sources */ = {isa = PBXBuildFile; fileRef = AE6724891F269C7C002AB658 /* FakeSwiftyCamViewController.swift */; };
		AE67248C1F269ED8002AB658 /* SubviewPresenter.swift in Sources */ = {isa = PBXBuildFile; fileRef = AE67248B1F269ED8002AB658 /* SubviewPresenter.swift */; };
		AE67248E1F269EF3002AB658 /* FakeSubviewPresenter.swift in Sources */ = {isa = PBXBuildFile; fileRef = AE67248D1F269EF3002AB658 /* FakeSubviewPresenter.swift */; };
		AE6724901F269F03002AB658 /* SubviewPresenterSpec.swift in Sources */ = {isa = PBXBuildFile; fileRef = AE67248F1F269F03002AB658 /* SubviewPresenterSpec.swift */; };
		AE6724921F269FCB002AB658 /* TestViewRenderer.swift in Sources */ = {isa = PBXBuildFile; fileRef = AE6724911F269FCB002AB658 /* TestViewRenderer.swift */; };
		AE6724941F26A035002AB658 /* ViewLifecycleSwizzler.swift in Sources */ = {isa = PBXBuildFile; fileRef = AE6724931F26A035002AB658 /* ViewLifecycleSwizzler.swift */; };
		AE6724961F26A7A4002AB658 /* Scheduler.swift in Sources */ = {isa = PBXBuildFile; fileRef = AE6724951F26A7A4002AB658 /* Scheduler.swift */; };
		AE6724981F26A8C2002AB658 /* FakeScheduler.swift in Sources */ = {isa = PBXBuildFile; fileRef = AE6724971F26A8C2002AB658 /* FakeScheduler.swift */; };
		AE67249A1F26AFED002AB658 /* CameraViewControllerProviderSpec.swift in Sources */ = {isa = PBXBuildFile; fileRef = AE6724991F26AFED002AB658 /* CameraViewControllerProviderSpec.swift */; };
		AE67249C1F26B711002AB658 /* FakeRecordButton.swift in Sources */ = {isa = PBXBuildFile; fileRef = AE67249B1F26B711002AB658 /* FakeRecordButton.swift */; };
		AE67249E1F26B91B002AB658 /* BallDrop.swift in Sources */ = {isa = PBXBuildFile; fileRef = AE67249D1F26B91B002AB658 /* BallDrop.swift */; };
		AE6724A01F26B9FD002AB658 /* FakeBallDrop.swift in Sources */ = {isa = PBXBuildFile; fileRef = AE67249F1F26B9FD002AB658 /* FakeBallDrop.swift */; };
		AE6724A21F26BA75002AB658 /* BallDropSpec.swift in Sources */ = {isa = PBXBuildFile; fileRef = AE6724A11F26BA75002AB658 /* BallDropSpec.swift */; };
		AE6724A41F27A95A002AB658 /* ReviewViewController.swift in Sources */ = {isa = PBXBuildFile; fileRef = AE6724A31F27A95A002AB658 /* ReviewViewController.swift */; };
		AE6724A61F27A9C0002AB658 /* SeguePresenter.swift in Sources */ = {isa = PBXBuildFile; fileRef = AE6724A51F27A9C0002AB658 /* SeguePresenter.swift */; };
		AE6724A81F27AA76002AB658 /* FakeSeguePresenter.swift in Sources */ = {isa = PBXBuildFile; fileRef = AE6724A71F27AA76002AB658 /* FakeSeguePresenter.swift */; };
		AE6724AA1F27AB78002AB658 /* FakeReviewViewController.swift in Sources */ = {isa = PBXBuildFile; fileRef = AE6724A91F27AB78002AB658 /* FakeReviewViewController.swift */; };
		AE675BC91F281343005A7B4F /* ReviewViewControllerSpec.swift in Sources */ = {isa = PBXBuildFile; fileRef = AE675BC81F281343005A7B4F /* ReviewViewControllerSpec.swift */; };
		AE675BCB1F2813F8005A7B4F /* VideoPlayerViewControllerProvider.swift in Sources */ = {isa = PBXBuildFile; fileRef = AE675BCA1F2813F8005A7B4F /* VideoPlayerViewControllerProvider.swift */; };
		AE675BCD1F281447005A7B4F /* AVPlayerProviderSpec.swift in Sources */ = {isa = PBXBuildFile; fileRef = AE675BCC1F281447005A7B4F /* AVPlayerProviderSpec.swift */; };
		AE6A10611F27EC3F00BC6317 /* FocusTouch.swift in Sources */ = {isa = PBXBuildFile; fileRef = AE6A10601F27EC3F00BC6317 /* FocusTouch.swift */; };
		AE6A10631F27ECE200BC6317 /* FakeFocusTouch.swift in Sources */ = {isa = PBXBuildFile; fileRef = AE6A10621F27ECE200BC6317 /* FakeFocusTouch.swift */; };
		AE6A10651F27EE9F00BC6317 /* FocusTouchSpec.swift in Sources */ = {isa = PBXBuildFile; fileRef = AE6A10641F27EE9F00BC6317 /* FocusTouchSpec.swift */; };
		AE6A10671F27FE2600BC6317 /* VideoPlayerViewController.swift in Sources */ = {isa = PBXBuildFile; fileRef = AE6A10661F27FE2600BC6317 /* VideoPlayerViewController.swift */; };
		AE6A106A1F27FEB300BC6317 /* AVFoundation.framework in Frameworks */ = {isa = PBXBuildFile; fileRef = AE6A10681F27FEB300BC6317 /* AVFoundation.framework */; };
		AE6A106B1F27FEB300BC6317 /* AVKit.framework in Frameworks */ = {isa = PBXBuildFile; fileRef = AE6A10691F27FEB300BC6317 /* AVKit.framework */; };
		AE6A106D1F27FED000BC6317 /* VideoPlayerViewControllerSpec.swift in Sources */ = {isa = PBXBuildFile; fileRef = AE6A106C1F27FED000BC6317 /* VideoPlayerViewControllerSpec.swift */; };
		AE6A10721F28027500BC6317 /* youngn.mp3 in Resources */ = {isa = PBXBuildFile; fileRef = AE6A10711F28027500BC6317 /* youngn.mp3 */; };
		AE6A10731F28027500BC6317 /* youngn.mp3 in Resources */ = {isa = PBXBuildFile; fileRef = AE6A10711F28027500BC6317 /* youngn.mp3 */; };
		AE6A10751F2804A700BC6317 /* AVPlayerProvider.swift in Sources */ = {isa = PBXBuildFile; fileRef = AE6A10741F2804A700BC6317 /* AVPlayerProvider.swift */; };
		AE6A10771F28052200BC6317 /* FakeAVPlayerProvider.swift in Sources */ = {isa = PBXBuildFile; fileRef = AE6A10761F28052200BC6317 /* FakeAVPlayerProvider.swift */; };
		AE6A10791F28067900BC6317 /* FakeAVPlayer.swift in Sources */ = {isa = PBXBuildFile; fileRef = AE6A10781F28067900BC6317 /* FakeAVPlayer.swift */; };
		AE6A107B1F280B6D00BC6317 /* FakeNotificationCenter.swift in Sources */ = {isa = PBXBuildFile; fileRef = AE6A107A1F280B6D00BC6317 /* FakeNotificationCenter.swift */; };
		AE6A107D1F280BBA00BC6317 /* InjectionProtocols.swift in Sources */ = {isa = PBXBuildFile; fileRef = AE6A107C1F280BBA00BC6317 /* InjectionProtocols.swift */; };
		AE6A107F1F280CAC00BC6317 /* Array+BangersAndMash.swift in Sources */ = {isa = PBXBuildFile; fileRef = AE6A107E1F280CAC00BC6317 /* Array+BangersAndMash.swift */; };
		AE6A10811F280CCE00BC6317 /* Array+BangersAndMashSpec.swift in Sources */ = {isa = PBXBuildFile; fileRef = AE6A10801F280CCE00BC6317 /* Array+BangersAndMashSpec.swift */; };
		AE90242B1F29417E00B56A11 /* VideoCell.swift in Sources */ = {isa = PBXBuildFile; fileRef = AE90242A1F29417E00B56A11 /* VideoCell.swift */; };
		AE90242D1F2941B600B56A11 /* FakeVideoCell.swift in Sources */ = {isa = PBXBuildFile; fileRef = AE90242C1F2941B600B56A11 /* FakeVideoCell.swift */; };
		AE90242F1F29442500B56A11 /* VideoCellSpec.swift in Sources */ = {isa = PBXBuildFile; fileRef = AE90242E1F29442500B56A11 /* VideoCellSpec.swift */; };
		AE9024311F2A46D900B56A11 /* PreviewBuilder.swift in Sources */ = {isa = PBXBuildFile; fileRef = AE9024301F2A46D900B56A11 /* PreviewBuilder.swift */; };
		AE9024331F2A48BB00B56A11 /* PreviewBuilderSpec.swift in Sources */ = {isa = PBXBuildFile; fileRef = AE9024321F2A48BB00B56A11 /* PreviewBuilderSpec.swift */; };
		AE9024351F2A4DE000B56A11 /* FakePreviewBuilder.swift in Sources */ = {isa = PBXBuildFile; fileRef = AE9024341F2A4DE000B56A11 /* FakePreviewBuilder.swift */; };
		AE9024371F2A4F7400B56A11 /* perrier.MOV in Resources */ = {isa = PBXBuildFile; fileRef = AE9024361F2A4F7400B56A11 /* perrier.MOV */; };
		AE9024381F2A4F7B00B56A11 /* perrier.MOV in Resources */ = {isa = PBXBuildFile; fileRef = AE9024361F2A4F7400B56A11 /* perrier.MOV */; };
		AE90243A1F2A583200B56A11 /* wild_thoughts.mp3 in Resources */ = {isa = PBXBuildFile; fileRef = AE9024391F2A583200B56A11 /* wild_thoughts.mp3 */; };
		AE90243B1F2A583200B56A11 /* wild_thoughts.mp3 in Resources */ = {isa = PBXBuildFile; fileRef = AE9024391F2A583200B56A11 /* wild_thoughts.mp3 */; };
		AE90243D1F2A58C500B56A11 /* Song.swift in Sources */ = {isa = PBXBuildFile; fileRef = AE90243C1F2A58C500B56A11 /* Song.swift */; };
		AE90243E1F2A5D6900B56A11 /* wild_thoughts.mp3 in Resources */ = {isa = PBXBuildFile; fileRef = AE9024391F2A583200B56A11 /* wild_thoughts.mp3 */; };
		AE9024401F2A5F1C00B56A11 /* FakeCameraViewController.swift in Sources */ = {isa = PBXBuildFile; fileRef = AE90243F1F2A5F1C00B56A11 /* FakeCameraViewController.swift */; };
		AE9024421F2A614500B56A11 /* SongPlayer.swift in Sources */ = {isa = PBXBuildFile; fileRef = AE9024411F2A614500B56A11 /* SongPlayer.swift */; };
		AE9024441F2A61A200B56A11 /* SongPlayerSpec.swift in Sources */ = {isa = PBXBuildFile; fileRef = AE9024431F2A61A200B56A11 /* SongPlayerSpec.swift */; };
		AE9024461F2A647100B56A11 /* SongSpec.swift in Sources */ = {isa = PBXBuildFile; fileRef = AE9024451F2A647100B56A11 /* SongSpec.swift */; };
		AE97EB3C1F26605800E3F8B7 /* AppDelegate.swift in Sources */ = {isa = PBXBuildFile; fileRef = AE97EB3B1F26605800E3F8B7 /* AppDelegate.swift */; };
		AE97EB411F26605800E3F8B7 /* Main.storyboard in Resources */ = {isa = PBXBuildFile; fileRef = AE97EB3F1F26605800E3F8B7 /* Main.storyboard */; };
		AE97EB431F26605800E3F8B7 /* Assets.xcassets in Resources */ = {isa = PBXBuildFile; fileRef = AE97EB421F26605800E3F8B7 /* Assets.xcassets */; };
		AE97EB461F26605800E3F8B7 /* LaunchScreen.storyboard in Resources */ = {isa = PBXBuildFile; fileRef = AE97EB441F26605800E3F8B7 /* LaunchScreen.storyboard */; };
		AE97EB5C1F26605800E3F8B7 /* Bangers_and_MashUITests.swift in Sources */ = {isa = PBXBuildFile; fileRef = AE97EB5B1F26605800E3F8B7 /* Bangers_and_MashUITests.swift */; };
		AEE3AC691F2A6CA700D10EF4 /* FakeSongPlayer.swift in Sources */ = {isa = PBXBuildFile; fileRef = AEE3AC681F2A6CA700D10EF4 /* FakeSongPlayer.swift */; };
		AEE3AC6B1F2A728D00D10EF4 /* FakeAVAudioPlayer.swift in Sources */ = {isa = PBXBuildFile; fileRef = AEE3AC6A1F2A728D00D10EF4 /* FakeAVAudioPlayer.swift */; };
		DE99C458DBE47F81BD46CAC5 /* MashupTakesViewController.swift in Sources */ = {isa = PBXBuildFile; fileRef = DE99C9C0EFB204A02ABECCE6 /* MashupTakesViewController.swift */; };
		DE99CB3607F8D24FACAD8292 /* MashupTakesViewControllerSpec.swift in Sources */ = {isa = PBXBuildFile; fileRef = DE99C5021175A5F45AE5993C /* MashupTakesViewControllerSpec.swift */; };
		ED188FB26E453B8EA715024C /* Pods_Bangers_and_Mash.framework in Frameworks */ = {isa = PBXBuildFile; fileRef = C543D9CF50D04FA67A1ED3B4 /* Pods_Bangers_and_Mash.framework */; };
/* End PBXBuildFile section */

/* Begin PBXContainerItemProxy section */
		AE97EB4D1F26605800E3F8B7 /* PBXContainerItemProxy */ = {
			isa = PBXContainerItemProxy;
			containerPortal = AE97EB301F26605800E3F8B7 /* Project object */;
			proxyType = 1;
			remoteGlobalIDString = AE97EB371F26605800E3F8B7;
			remoteInfo = "Bangers and Mash";
		};
		AE97EB581F26605800E3F8B7 /* PBXContainerItemProxy */ = {
			isa = PBXContainerItemProxy;
			containerPortal = AE97EB301F26605800E3F8B7 /* Project object */;
			proxyType = 1;
			remoteGlobalIDString = AE97EB371F26605800E3F8B7;
			remoteInfo = "Bangers and Mash";
		};
/* End PBXContainerItemProxy section */

/* Begin PBXFileReference section */
		08CA56B1CA1570BD68DBA59F /* Pods-Bangers and MashUITests.release.xcconfig */ = {isa = PBXFileReference; includeInIndex = 1; lastKnownFileType = text.xcconfig; name = "Pods-Bangers and MashUITests.release.xcconfig"; path = "Pods/Target Support Files/Pods-Bangers and MashUITests/Pods-Bangers and MashUITests.release.xcconfig"; sourceTree = "<group>"; };
		10F2C6EF830410333B1A436F /* Pods-Bangers and MashTests.test.xcconfig */ = {isa = PBXFileReference; includeInIndex = 1; lastKnownFileType = text.xcconfig; name = "Pods-Bangers and MashTests.test.xcconfig"; path = "Pods/Target Support Files/Pods-Bangers and MashTests/Pods-Bangers and MashTests.test.xcconfig"; sourceTree = "<group>"; };
		5D7D804B5D41DB1FDC24CAB9 /* Pods-Bangers and Mash.release.xcconfig */ = {isa = PBXFileReference; includeInIndex = 1; lastKnownFileType = text.xcconfig; name = "Pods-Bangers and Mash.release.xcconfig"; path = "Pods/Target Support Files/Pods-Bangers and Mash/Pods-Bangers and Mash.release.xcconfig"; sourceTree = "<group>"; };
		62B1D9A56A9B68584F3CFC19 /* Pods-Bangers and MashTests.release.xcconfig */ = {isa = PBXFileReference; includeInIndex = 1; lastKnownFileType = text.xcconfig; name = "Pods-Bangers and MashTests.release.xcconfig"; path = "Pods/Target Support Files/Pods-Bangers and MashTests/Pods-Bangers and MashTests.release.xcconfig"; sourceTree = "<group>"; };
		64E96BA88A489E72E5009782 /* Pods_Bangers_and_MashTests.framework */ = {isa = PBXFileReference; explicitFileType = wrapper.framework; includeInIndex = 0; path = Pods_Bangers_and_MashTests.framework; sourceTree = BUILT_PRODUCTS_DIR; };
		86ED4C5175C3F4E0FE496D83 /* Pods-Bangers and MashUITests.test.xcconfig */ = {isa = PBXFileReference; includeInIndex = 1; lastKnownFileType = text.xcconfig; name = "Pods-Bangers and MashUITests.test.xcconfig"; path = "Pods/Target Support Files/Pods-Bangers and MashUITests/Pods-Bangers and MashUITests.test.xcconfig"; sourceTree = "<group>"; };
		871B94FC7FDB3F75A8FF7E64 /* Pods_Bangers_and_MashUITests.framework */ = {isa = PBXFileReference; explicitFileType = wrapper.framework; includeInIndex = 0; path = Pods_Bangers_and_MashUITests.framework; sourceTree = BUILT_PRODUCTS_DIR; };
		AE2949191F28F524004BFDD9 /* VideoArchiver.swift */ = {isa = PBXFileReference; fileEncoding = 4; lastKnownFileType = sourcecode.swift; path = VideoArchiver.swift; sourceTree = "<group>"; };
		AE29491B1F28F530004BFDD9 /* VideoArchiverSpec.swift */ = {isa = PBXFileReference; fileEncoding = 4; lastKnownFileType = sourcecode.swift; path = VideoArchiverSpec.swift; sourceTree = "<group>"; };
		AE29491D1F28F7A9004BFDD9 /* ViewDismisser.swift */ = {isa = PBXFileReference; fileEncoding = 4; lastKnownFileType = sourcecode.swift; path = ViewDismisser.swift; sourceTree = "<group>"; };
		AE29491F1F28F7D3004BFDD9 /* ViewDismisserSpec.swift */ = {isa = PBXFileReference; fileEncoding = 4; lastKnownFileType = sourcecode.swift; path = ViewDismisserSpec.swift; sourceTree = "<group>"; };
		AE2949211F28F80E004BFDD9 /* FakeViewDismisser.swift */ = {isa = PBXFileReference; fileEncoding = 4; lastKnownFileType = sourcecode.swift; path = FakeViewDismisser.swift; sourceTree = "<group>"; };
		AE2949231F28FEB9004BFDD9 /* FakeVideoArchiver.swift */ = {isa = PBXFileReference; fileEncoding = 4; lastKnownFileType = sourcecode.swift; path = FakeVideoArchiver.swift; sourceTree = "<group>"; };
		AE2949251F290133004BFDD9 /* DirectoryFinder.swift */ = {isa = PBXFileReference; fileEncoding = 4; lastKnownFileType = sourcecode.swift; path = DirectoryFinder.swift; sourceTree = "<group>"; };
		AE2949271F2904E9004BFDD9 /* DirectoryFinderSpec.swift */ = {isa = PBXFileReference; fileEncoding = 4; lastKnownFileType = sourcecode.swift; path = DirectoryFinderSpec.swift; sourceTree = "<group>"; };
		AE2949291F2904F9004BFDD9 /* FakeDirectoryFinder.swift */ = {isa = PBXFileReference; fileEncoding = 4; lastKnownFileType = sourcecode.swift; path = FakeDirectoryFinder.swift; sourceTree = "<group>"; };
		AE29492B1F2906FC004BFDD9 /* FakeFileManager.swift */ = {isa = PBXFileReference; fileEncoding = 4; lastKnownFileType = sourcecode.swift; path = FakeFileManager.swift; sourceTree = "<group>"; };
		AE29492D1F2914AD004BFDD9 /* NavigationPoppinOff.swift */ = {isa = PBXFileReference; fileEncoding = 4; lastKnownFileType = sourcecode.swift; path = NavigationPoppinOff.swift; sourceTree = "<group>"; };
		AE29492F1F291611004BFDD9 /* FakeNavigationPoppinOff.swift */ = {isa = PBXFileReference; fileEncoding = 4; lastKnownFileType = sourcecode.swift; path = FakeNavigationPoppinOff.swift; sourceTree = "<group>"; };
		AE2949311F291671004BFDD9 /* NavigationPoppinOffSpec.swift */ = {isa = PBXFileReference; fileEncoding = 4; lastKnownFileType = sourcecode.swift; path = NavigationPoppinOffSpec.swift; sourceTree = "<group>"; };
		AE2949331F292F4A004BFDD9 /* VideoCollectionViewController.swift */ = {isa = PBXFileReference; fileEncoding = 4; lastKnownFileType = sourcecode.swift; path = VideoCollectionViewController.swift; sourceTree = "<group>"; };
		AE2949351F292FF1004BFDD9 /* VideoCollectionViewControllerProvider.swift */ = {isa = PBXFileReference; fileEncoding = 4; lastKnownFileType = sourcecode.swift; path = VideoCollectionViewControllerProvider.swift; sourceTree = "<group>"; };
		AE2949371F293011004BFDD9 /* VideoCollectionViewControllerProviderSpec.swift */ = {isa = PBXFileReference; fileEncoding = 4; lastKnownFileType = sourcecode.swift; path = VideoCollectionViewControllerProviderSpec.swift; sourceTree = "<group>"; };
		AE2949391F29301A004BFDD9 /* VideoCollectionViewControllerSpec.swift */ = {isa = PBXFileReference; fileEncoding = 4; lastKnownFileType = sourcecode.swift; path = VideoCollectionViewControllerSpec.swift; sourceTree = "<group>"; };
		AE29493B1F29310C004BFDD9 /* FakeVideoCollectionViewControllerProvider.swift */ = {isa = PBXFileReference; fileEncoding = 4; lastKnownFileType = sourcecode.swift; path = FakeVideoCollectionViewControllerProvider.swift; sourceTree = "<group>"; };
		AE29493D1F293286004BFDD9 /* FakeVideoCollectionViewController.swift */ = {isa = PBXFileReference; fileEncoding = 4; lastKnownFileType = sourcecode.swift; path = FakeVideoCollectionViewController.swift; sourceTree = "<group>"; };
		AE29493F1F2934C2004BFDD9 /* VideoRepository.swift */ = {isa = PBXFileReference; fileEncoding = 4; lastKnownFileType = sourcecode.swift; path = VideoRepository.swift; sourceTree = "<group>"; };
		AE2949411F293569004BFDD9 /* VideoRepositorySpec.swift */ = {isa = PBXFileReference; fileEncoding = 4; lastKnownFileType = sourcecode.swift; path = VideoRepositorySpec.swift; sourceTree = "<group>"; };
		AE2949431F29357F004BFDD9 /* FakeVideoRepository.swift */ = {isa = PBXFileReference; fileEncoding = 4; lastKnownFileType = sourcecode.swift; path = FakeVideoRepository.swift; sourceTree = "<group>"; };
		AE33986A1F2816BD00A3FB8B /* VideoPlayerViewControllerProviderSpec.swift */ = {isa = PBXFileReference; fileEncoding = 4; lastKnownFileType = sourcecode.swift; path = VideoPlayerViewControllerProviderSpec.swift; sourceTree = "<group>"; };
		AE33986C1F2817C200A3FB8B /* FakeVideoPlayerViewControllerProvider.swift */ = {isa = PBXFileReference; fileEncoding = 4; lastKnownFileType = sourcecode.swift; path = FakeVideoPlayerViewControllerProvider.swift; sourceTree = "<group>"; };
		AE33986E1F28180C00A3FB8B /* FakeVideoPlayerViewController.swift */ = {isa = PBXFileReference; fileEncoding = 4; lastKnownFileType = sourcecode.swift; path = FakeVideoPlayerViewController.swift; sourceTree = "<group>"; };
		AE471F001F26702D00BB03B6 /* main.swift */ = {isa = PBXFileReference; fileEncoding = 4; lastKnownFileType = sourcecode.swift; path = main.swift; sourceTree = "<group>"; };
		AE6724791F2679F0002AB658 /* CameraViewController.swift */ = {isa = PBXFileReference; fileEncoding = 4; lastKnownFileType = sourcecode.swift; path = CameraViewController.swift; sourceTree = "<group>"; };
		AE67247B1F267A1D002AB658 /* CameraViewControllerSpec.swift */ = {isa = PBXFileReference; fileEncoding = 4; lastKnownFileType = sourcecode.swift; path = CameraViewControllerSpec.swift; sourceTree = "<group>"; };
		AE67247D1F267ACF002AB658 /* RecordButton.swift */ = {isa = PBXFileReference; fileEncoding = 4; lastKnownFileType = sourcecode.swift; path = RecordButton.swift; sourceTree = "<group>"; };
		AE67247F1F267AF4002AB658 /* RecordButtonSpec.swift */ = {isa = PBXFileReference; fileEncoding = 4; lastKnownFileType = sourcecode.swift; path = RecordButtonSpec.swift; sourceTree = "<group>"; };
		AE6724811F267E4F002AB658 /* Animator.swift */ = {isa = PBXFileReference; fileEncoding = 4; lastKnownFileType = sourcecode.swift; path = Animator.swift; sourceTree = "<group>"; };
		AE6724831F267F0C002AB658 /* FakeAnimator.swift */ = {isa = PBXFileReference; fileEncoding = 4; lastKnownFileType = sourcecode.swift; path = FakeAnimator.swift; sourceTree = "<group>"; };
		AE6724851F2699F6002AB658 /* CameraControllerProvider.swift */ = {isa = PBXFileReference; fileEncoding = 4; lastKnownFileType = sourcecode.swift; path = CameraControllerProvider.swift; sourceTree = "<group>"; };
		AE6724871F269B3D002AB658 /* FakeCameraViewControllerProvider.swift */ = {isa = PBXFileReference; fileEncoding = 4; lastKnownFileType = sourcecode.swift; path = FakeCameraViewControllerProvider.swift; sourceTree = "<group>"; };
		AE6724891F269C7C002AB658 /* FakeSwiftyCamViewController.swift */ = {isa = PBXFileReference; fileEncoding = 4; lastKnownFileType = sourcecode.swift; path = FakeSwiftyCamViewController.swift; sourceTree = "<group>"; };
		AE67248B1F269ED8002AB658 /* SubviewPresenter.swift */ = {isa = PBXFileReference; fileEncoding = 4; lastKnownFileType = sourcecode.swift; path = SubviewPresenter.swift; sourceTree = "<group>"; };
		AE67248D1F269EF3002AB658 /* FakeSubviewPresenter.swift */ = {isa = PBXFileReference; fileEncoding = 4; lastKnownFileType = sourcecode.swift; path = FakeSubviewPresenter.swift; sourceTree = "<group>"; };
		AE67248F1F269F03002AB658 /* SubviewPresenterSpec.swift */ = {isa = PBXFileReference; fileEncoding = 4; lastKnownFileType = sourcecode.swift; path = SubviewPresenterSpec.swift; sourceTree = "<group>"; };
		AE6724911F269FCB002AB658 /* TestViewRenderer.swift */ = {isa = PBXFileReference; fileEncoding = 4; lastKnownFileType = sourcecode.swift; path = TestViewRenderer.swift; sourceTree = "<group>"; };
		AE6724931F26A035002AB658 /* ViewLifecycleSwizzler.swift */ = {isa = PBXFileReference; fileEncoding = 4; lastKnownFileType = sourcecode.swift; path = ViewLifecycleSwizzler.swift; sourceTree = "<group>"; };
		AE6724951F26A7A4002AB658 /* Scheduler.swift */ = {isa = PBXFileReference; fileEncoding = 4; lastKnownFileType = sourcecode.swift; path = Scheduler.swift; sourceTree = "<group>"; };
		AE6724971F26A8C2002AB658 /* FakeScheduler.swift */ = {isa = PBXFileReference; fileEncoding = 4; lastKnownFileType = sourcecode.swift; path = FakeScheduler.swift; sourceTree = "<group>"; };
		AE6724991F26AFED002AB658 /* CameraViewControllerProviderSpec.swift */ = {isa = PBXFileReference; fileEncoding = 4; lastKnownFileType = sourcecode.swift; path = CameraViewControllerProviderSpec.swift; sourceTree = "<group>"; };
		AE67249B1F26B711002AB658 /* FakeRecordButton.swift */ = {isa = PBXFileReference; fileEncoding = 4; lastKnownFileType = sourcecode.swift; path = FakeRecordButton.swift; sourceTree = "<group>"; };
		AE67249D1F26B91B002AB658 /* BallDrop.swift */ = {isa = PBXFileReference; fileEncoding = 4; lastKnownFileType = sourcecode.swift; path = BallDrop.swift; sourceTree = "<group>"; };
		AE67249F1F26B9FD002AB658 /* FakeBallDrop.swift */ = {isa = PBXFileReference; fileEncoding = 4; lastKnownFileType = sourcecode.swift; path = FakeBallDrop.swift; sourceTree = "<group>"; };
		AE6724A11F26BA75002AB658 /* BallDropSpec.swift */ = {isa = PBXFileReference; fileEncoding = 4; lastKnownFileType = sourcecode.swift; path = BallDropSpec.swift; sourceTree = "<group>"; };
		AE6724A31F27A95A002AB658 /* ReviewViewController.swift */ = {isa = PBXFileReference; fileEncoding = 4; lastKnownFileType = sourcecode.swift; path = ReviewViewController.swift; sourceTree = "<group>"; };
		AE6724A51F27A9C0002AB658 /* SeguePresenter.swift */ = {isa = PBXFileReference; fileEncoding = 4; lastKnownFileType = sourcecode.swift; path = SeguePresenter.swift; sourceTree = "<group>"; };
		AE6724A71F27AA76002AB658 /* FakeSeguePresenter.swift */ = {isa = PBXFileReference; fileEncoding = 4; lastKnownFileType = sourcecode.swift; path = FakeSeguePresenter.swift; sourceTree = "<group>"; };
		AE6724A91F27AB78002AB658 /* FakeReviewViewController.swift */ = {isa = PBXFileReference; fileEncoding = 4; lastKnownFileType = sourcecode.swift; path = FakeReviewViewController.swift; sourceTree = "<group>"; };
		AE675BC81F281343005A7B4F /* ReviewViewControllerSpec.swift */ = {isa = PBXFileReference; fileEncoding = 4; lastKnownFileType = sourcecode.swift; path = ReviewViewControllerSpec.swift; sourceTree = "<group>"; };
		AE675BCA1F2813F8005A7B4F /* VideoPlayerViewControllerProvider.swift */ = {isa = PBXFileReference; fileEncoding = 4; lastKnownFileType = sourcecode.swift; path = VideoPlayerViewControllerProvider.swift; sourceTree = "<group>"; };
		AE675BCC1F281447005A7B4F /* AVPlayerProviderSpec.swift */ = {isa = PBXFileReference; fileEncoding = 4; lastKnownFileType = sourcecode.swift; path = AVPlayerProviderSpec.swift; sourceTree = "<group>"; };
		AE6A10601F27EC3F00BC6317 /* FocusTouch.swift */ = {isa = PBXFileReference; fileEncoding = 4; lastKnownFileType = sourcecode.swift; path = FocusTouch.swift; sourceTree = "<group>"; };
		AE6A10621F27ECE200BC6317 /* FakeFocusTouch.swift */ = {isa = PBXFileReference; fileEncoding = 4; lastKnownFileType = sourcecode.swift; path = FakeFocusTouch.swift; sourceTree = "<group>"; };
		AE6A10641F27EE9F00BC6317 /* FocusTouchSpec.swift */ = {isa = PBXFileReference; fileEncoding = 4; lastKnownFileType = sourcecode.swift; path = FocusTouchSpec.swift; sourceTree = "<group>"; };
		AE6A10661F27FE2600BC6317 /* VideoPlayerViewController.swift */ = {isa = PBXFileReference; fileEncoding = 4; lastKnownFileType = sourcecode.swift; path = VideoPlayerViewController.swift; sourceTree = "<group>"; };
		AE6A10681F27FEB300BC6317 /* AVFoundation.framework */ = {isa = PBXFileReference; lastKnownFileType = wrapper.framework; name = AVFoundation.framework; path = System/Library/Frameworks/AVFoundation.framework; sourceTree = SDKROOT; };
		AE6A10691F27FEB300BC6317 /* AVKit.framework */ = {isa = PBXFileReference; lastKnownFileType = wrapper.framework; name = AVKit.framework; path = System/Library/Frameworks/AVKit.framework; sourceTree = SDKROOT; };
		AE6A106C1F27FED000BC6317 /* VideoPlayerViewControllerSpec.swift */ = {isa = PBXFileReference; fileEncoding = 4; lastKnownFileType = sourcecode.swift; path = VideoPlayerViewControllerSpec.swift; sourceTree = "<group>"; };
		AE6A10711F28027500BC6317 /* youngn.mp3 */ = {isa = PBXFileReference; lastKnownFileType = audio.mp3; path = youngn.mp3; sourceTree = "<group>"; };
		AE6A10741F2804A700BC6317 /* AVPlayerProvider.swift */ = {isa = PBXFileReference; fileEncoding = 4; lastKnownFileType = sourcecode.swift; path = AVPlayerProvider.swift; sourceTree = "<group>"; };
		AE6A10761F28052200BC6317 /* FakeAVPlayerProvider.swift */ = {isa = PBXFileReference; fileEncoding = 4; lastKnownFileType = sourcecode.swift; path = FakeAVPlayerProvider.swift; sourceTree = "<group>"; };
		AE6A10781F28067900BC6317 /* FakeAVPlayer.swift */ = {isa = PBXFileReference; fileEncoding = 4; lastKnownFileType = sourcecode.swift; path = FakeAVPlayer.swift; sourceTree = "<group>"; };
		AE6A107A1F280B6D00BC6317 /* FakeNotificationCenter.swift */ = {isa = PBXFileReference; fileEncoding = 4; lastKnownFileType = sourcecode.swift; path = FakeNotificationCenter.swift; sourceTree = "<group>"; };
		AE6A107C1F280BBA00BC6317 /* InjectionProtocols.swift */ = {isa = PBXFileReference; fileEncoding = 4; lastKnownFileType = sourcecode.swift; path = InjectionProtocols.swift; sourceTree = "<group>"; };
		AE6A107E1F280CAC00BC6317 /* Array+BangersAndMash.swift */ = {isa = PBXFileReference; fileEncoding = 4; lastKnownFileType = sourcecode.swift; path = "Array+BangersAndMash.swift"; sourceTree = "<group>"; };
		AE6A10801F280CCE00BC6317 /* Array+BangersAndMashSpec.swift */ = {isa = PBXFileReference; fileEncoding = 4; lastKnownFileType = sourcecode.swift; path = "Array+BangersAndMashSpec.swift"; sourceTree = "<group>"; };
		AE90242A1F29417E00B56A11 /* VideoCell.swift */ = {isa = PBXFileReference; fileEncoding = 4; lastKnownFileType = sourcecode.swift; path = VideoCell.swift; sourceTree = "<group>"; };
		AE90242C1F2941B600B56A11 /* FakeVideoCell.swift */ = {isa = PBXFileReference; fileEncoding = 4; lastKnownFileType = sourcecode.swift; path = FakeVideoCell.swift; sourceTree = "<group>"; };
		AE90242E1F29442500B56A11 /* VideoCellSpec.swift */ = {isa = PBXFileReference; fileEncoding = 4; lastKnownFileType = sourcecode.swift; path = VideoCellSpec.swift; sourceTree = "<group>"; };
		AE9024301F2A46D900B56A11 /* PreviewBuilder.swift */ = {isa = PBXFileReference; fileEncoding = 4; lastKnownFileType = sourcecode.swift; path = PreviewBuilder.swift; sourceTree = "<group>"; };
		AE9024321F2A48BB00B56A11 /* PreviewBuilderSpec.swift */ = {isa = PBXFileReference; fileEncoding = 4; lastKnownFileType = sourcecode.swift; path = PreviewBuilderSpec.swift; sourceTree = "<group>"; };
		AE9024341F2A4DE000B56A11 /* FakePreviewBuilder.swift */ = {isa = PBXFileReference; fileEncoding = 4; lastKnownFileType = sourcecode.swift; path = FakePreviewBuilder.swift; sourceTree = "<group>"; };
		AE9024361F2A4F7400B56A11 /* perrier.MOV */ = {isa = PBXFileReference; lastKnownFileType = video.quicktime; path = perrier.MOV; sourceTree = "<group>"; };
		AE9024391F2A583200B56A11 /* wild_thoughts.mp3 */ = {isa = PBXFileReference; lastKnownFileType = audio.mp3; path = wild_thoughts.mp3; sourceTree = "<group>"; };
		AE90243C1F2A58C500B56A11 /* Song.swift */ = {isa = PBXFileReference; fileEncoding = 4; lastKnownFileType = sourcecode.swift; path = Song.swift; sourceTree = "<group>"; };
		AE90243F1F2A5F1C00B56A11 /* FakeCameraViewController.swift */ = {isa = PBXFileReference; fileEncoding = 4; lastKnownFileType = sourcecode.swift; path = FakeCameraViewController.swift; sourceTree = "<group>"; };
		AE9024411F2A614500B56A11 /* SongPlayer.swift */ = {isa = PBXFileReference; fileEncoding = 4; lastKnownFileType = sourcecode.swift; path = SongPlayer.swift; sourceTree = "<group>"; };
		AE9024431F2A61A200B56A11 /* SongPlayerSpec.swift */ = {isa = PBXFileReference; fileEncoding = 4; lastKnownFileType = sourcecode.swift; path = SongPlayerSpec.swift; sourceTree = "<group>"; };
		AE9024451F2A647100B56A11 /* SongSpec.swift */ = {isa = PBXFileReference; fileEncoding = 4; lastKnownFileType = sourcecode.swift; path = SongSpec.swift; sourceTree = "<group>"; };
		AE97EB381F26605800E3F8B7 /* Bangers and Mash.app */ = {isa = PBXFileReference; explicitFileType = wrapper.application; includeInIndex = 0; path = "Bangers and Mash.app"; sourceTree = BUILT_PRODUCTS_DIR; };
		AE97EB3B1F26605800E3F8B7 /* AppDelegate.swift */ = {isa = PBXFileReference; lastKnownFileType = sourcecode.swift; path = AppDelegate.swift; sourceTree = "<group>"; };
		AE97EB401F26605800E3F8B7 /* Base */ = {isa = PBXFileReference; lastKnownFileType = file.storyboard; name = Base; path = Base.lproj/Main.storyboard; sourceTree = "<group>"; };
		AE97EB421F26605800E3F8B7 /* Assets.xcassets */ = {isa = PBXFileReference; lastKnownFileType = folder.assetcatalog; path = Assets.xcassets; sourceTree = "<group>"; };
		AE97EB451F26605800E3F8B7 /* Base */ = {isa = PBXFileReference; lastKnownFileType = file.storyboard; name = Base; path = Base.lproj/LaunchScreen.storyboard; sourceTree = "<group>"; };
		AE97EB471F26605800E3F8B7 /* Info.plist */ = {isa = PBXFileReference; lastKnownFileType = text.plist.xml; path = Info.plist; sourceTree = "<group>"; };
		AE97EB4C1F26605800E3F8B7 /* Bangers and MashTests.xctest */ = {isa = PBXFileReference; explicitFileType = wrapper.cfbundle; includeInIndex = 0; path = "Bangers and MashTests.xctest"; sourceTree = BUILT_PRODUCTS_DIR; };
		AE97EB521F26605800E3F8B7 /* Info.plist */ = {isa = PBXFileReference; lastKnownFileType = text.plist.xml; path = Info.plist; sourceTree = "<group>"; };
		AE97EB571F26605800E3F8B7 /* Bangers and MashUITests.xctest */ = {isa = PBXFileReference; explicitFileType = wrapper.cfbundle; includeInIndex = 0; path = "Bangers and MashUITests.xctest"; sourceTree = BUILT_PRODUCTS_DIR; };
		AE97EB5B1F26605800E3F8B7 /* Bangers_and_MashUITests.swift */ = {isa = PBXFileReference; lastKnownFileType = sourcecode.swift; path = Bangers_and_MashUITests.swift; sourceTree = "<group>"; };
		AE97EB5D1F26605800E3F8B7 /* Info.plist */ = {isa = PBXFileReference; lastKnownFileType = text.plist.xml; path = Info.plist; sourceTree = "<group>"; };
		AEE3AC681F2A6CA700D10EF4 /* FakeSongPlayer.swift */ = {isa = PBXFileReference; fileEncoding = 4; lastKnownFileType = sourcecode.swift; path = FakeSongPlayer.swift; sourceTree = "<group>"; };
		AEE3AC6A1F2A728D00D10EF4 /* FakeAVAudioPlayer.swift */ = {isa = PBXFileReference; fileEncoding = 4; lastKnownFileType = sourcecode.swift; path = FakeAVAudioPlayer.swift; sourceTree = "<group>"; };
		B3A53A65EC66B62DA3A83A7B /* Pods-Bangers and MashTests.debug.xcconfig */ = {isa = PBXFileReference; includeInIndex = 1; lastKnownFileType = text.xcconfig; name = "Pods-Bangers and MashTests.debug.xcconfig"; path = "Pods/Target Support Files/Pods-Bangers and MashTests/Pods-Bangers and MashTests.debug.xcconfig"; sourceTree = "<group>"; };
		C543D9CF50D04FA67A1ED3B4 /* Pods_Bangers_and_Mash.framework */ = {isa = PBXFileReference; explicitFileType = wrapper.framework; includeInIndex = 0; path = Pods_Bangers_and_Mash.framework; sourceTree = BUILT_PRODUCTS_DIR; };
		C5EA248B01266920958130E0 /* Pods-Bangers and Mash.test.xcconfig */ = {isa = PBXFileReference; includeInIndex = 1; lastKnownFileType = text.xcconfig; name = "Pods-Bangers and Mash.test.xcconfig"; path = "Pods/Target Support Files/Pods-Bangers and Mash/Pods-Bangers and Mash.test.xcconfig"; sourceTree = "<group>"; };
		D8A40EB490794CCFE95372E6 /* Pods-Bangers and Mash.debug.xcconfig */ = {isa = PBXFileReference; includeInIndex = 1; lastKnownFileType = text.xcconfig; name = "Pods-Bangers and Mash.debug.xcconfig"; path = "Pods/Target Support Files/Pods-Bangers and Mash/Pods-Bangers and Mash.debug.xcconfig"; sourceTree = "<group>"; };
		DE99C5021175A5F45AE5993C /* MashupTakesViewControllerSpec.swift */ = {isa = PBXFileReference; fileEncoding = 4; lastKnownFileType = sourcecode.swift; path = MashupTakesViewControllerSpec.swift; sourceTree = "<group>"; };
		DE99C9C0EFB204A02ABECCE6 /* MashupTakesViewController.swift */ = {isa = PBXFileReference; fileEncoding = 4; lastKnownFileType = sourcecode.swift; path = MashupTakesViewController.swift; sourceTree = "<group>"; };
		E9BA577600F50C4AB9521A01 /* Pods-Bangers and MashUITests.debug.xcconfig */ = {isa = PBXFileReference; includeInIndex = 1; lastKnownFileType = text.xcconfig; name = "Pods-Bangers and MashUITests.debug.xcconfig"; path = "Pods/Target Support Files/Pods-Bangers and MashUITests/Pods-Bangers and MashUITests.debug.xcconfig"; sourceTree = "<group>"; };
/* End PBXFileReference section */

/* Begin PBXFrameworksBuildPhase section */
		AE97EB351F26605800E3F8B7 /* Frameworks */ = {
			isa = PBXFrameworksBuildPhase;
			buildActionMask = 2147483647;
			files = (
				AE6A106A1F27FEB300BC6317 /* AVFoundation.framework in Frameworks */,
				AE6A106B1F27FEB300BC6317 /* AVKit.framework in Frameworks */,
				ED188FB26E453B8EA715024C /* Pods_Bangers_and_Mash.framework in Frameworks */,
			);
			runOnlyForDeploymentPostprocessing = 0;
		};
		AE97EB491F26605800E3F8B7 /* Frameworks */ = {
			isa = PBXFrameworksBuildPhase;
			buildActionMask = 2147483647;
			files = (
				785408949DF4C140025F8CAB /* Pods_Bangers_and_MashTests.framework in Frameworks */,
			);
			runOnlyForDeploymentPostprocessing = 0;
		};
		AE97EB541F26605800E3F8B7 /* Frameworks */ = {
			isa = PBXFrameworksBuildPhase;
			buildActionMask = 2147483647;
			files = (
				A60BE110DC42D84BCA118505 /* Pods_Bangers_and_MashUITests.framework in Frameworks */,
			);
			runOnlyForDeploymentPostprocessing = 0;
		};
/* End PBXFrameworksBuildPhase section */

/* Begin PBXGroup section */
		22513DE7058956DC3AA7C5BF /* Frameworks */ = {
			isa = PBXGroup;
			children = (
				AE6A10681F27FEB300BC6317 /* AVFoundation.framework */,
				AE6A10691F27FEB300BC6317 /* AVKit.framework */,
				C543D9CF50D04FA67A1ED3B4 /* Pods_Bangers_and_Mash.framework */,
				64E96BA88A489E72E5009782 /* Pods_Bangers_and_MashTests.framework */,
				871B94FC7FDB3F75A8FF7E64 /* Pods_Bangers_and_MashUITests.framework */,
			);
			name = Frameworks;
			sourceTree = "<group>";
		};
		AE97EB2F1F26605800E3F8B7 = {
			isa = PBXGroup;
			children = (
				AE97EB3A1F26605800E3F8B7 /* Bangers and Mash */,
				AE97EB4F1F26605800E3F8B7 /* Bangers and MashTests */,
				AE97EB5A1F26605800E3F8B7 /* Bangers and MashUITests */,
				AE97EB391F26605800E3F8B7 /* Products */,
				E8BF5C3CC321B0F563FC9B39 /* Pods */,
				22513DE7058956DC3AA7C5BF /* Frameworks */,
			);
			sourceTree = "<group>";
		};
		AE97EB391F26605800E3F8B7 /* Products */ = {
			isa = PBXGroup;
			children = (
				AE97EB381F26605800E3F8B7 /* Bangers and Mash.app */,
				AE97EB4C1F26605800E3F8B7 /* Bangers and MashTests.xctest */,
				AE97EB571F26605800E3F8B7 /* Bangers and MashUITests.xctest */,
			);
			name = Products;
			sourceTree = "<group>";
		};
		AE97EB3A1F26605800E3F8B7 /* Bangers and Mash */ = {
			isa = PBXGroup;
			children = (
				AE97EB3B1F26605800E3F8B7 /* AppDelegate.swift */,
				AE97EB3F1F26605800E3F8B7 /* Main.storyboard */,
				AE97EB421F26605800E3F8B7 /* Assets.xcassets */,
				AE97EB441F26605800E3F8B7 /* LaunchScreen.storyboard */,
				AE97EB471F26605800E3F8B7 /* Info.plist */,
				AE471F001F26702D00BB03B6 /* main.swift */,
				DE99CED47F1F9A10BC13BB4E /* Mashup */,
				DE99CD92E33E239BAAD4CAD7 /* Recording */,
				DE99C70BCDA747667B99B529 /* Wrappers */,
				DE99C7A9A3477985D01B6C49 /* Presentation */,
				DE99CC065F40110A506653D4 /* Playing */,
				DE99C25E9D32B644F38CADEC /* InjectionProtocols */,
				DE99C65A1159BD64FFB533B2 /* Extensions */,
				DE99C98E08E5C6E53A321A20 /* Filesystem */,
				DE99C3316EDFC93C346865C3 /* VideoCollections */,
				DE99C27CCF4F3CD8E92F77BB /* ThumbnailBuilding */,
				AE90243C1F2A58C500B56A11 /* Song.swift */,
			);
			path = "Bangers and Mash";
			sourceTree = "<group>";
		};
		AE97EB4F1F26605800E3F8B7 /* Bangers and MashTests */ = {
			isa = PBXGroup;
			children = (
				AE97EB521F26605800E3F8B7 /* Info.plist */,
				DE99C378C53BA6170E9E7265 /* Mashup */,
				DE99C5E6F2822F356CDAE593 /* Recording */,
				DE99CFEA3271E6FE06AA3F81 /* Fakes */,
				DE99CCBCC5F488C3B645C836 /* Presentation */,
				DE99C763565C7D73B99F97FF /* Support */,
				DE99C6ED75AF13A10C00B8AF /* Playing */,
				DE99CB376B8BC8F9D41BE955 /* Extensions */,
				DE99CE810120666E47E26BDB /* Filesystem */,
				DE99CD509EB86939A8DA44B1 /* VideoCollections */,
				DE99C06AB586A1D55291AF4A /* ThumbnailBuilding */,
				AE9024451F2A647100B56A11 /* SongSpec.swift */,
			);
			path = "Bangers and MashTests";
			sourceTree = "<group>";
		};
		AE97EB5A1F26605800E3F8B7 /* Bangers and MashUITests */ = {
			isa = PBXGroup;
			children = (
				AE97EB5B1F26605800E3F8B7 /* Bangers_and_MashUITests.swift */,
				AE97EB5D1F26605800E3F8B7 /* Info.plist */,
			);
			path = "Bangers and MashUITests";
			sourceTree = "<group>";
		};
		DE99C06AB586A1D55291AF4A /* ThumbnailBuilding */ = {
			isa = PBXGroup;
			children = (
				AE9024321F2A48BB00B56A11 /* PreviewBuilderSpec.swift */,
			);
			path = ThumbnailBuilding;
			sourceTree = "<group>";
		};
		DE99C207C14E76D611CE1819 /* Resources */ = {
			isa = PBXGroup;
			children = (
				AE9024391F2A583200B56A11 /* wild_thoughts.mp3 */,
				AE9024361F2A4F7400B56A11 /* perrier.MOV */,
				AE6A10711F28027500BC6317 /* youngn.mp3 */,
			);
			path = Resources;
			sourceTree = "<group>";
		};
		DE99C25E9D32B644F38CADEC /* InjectionProtocols */ = {
			isa = PBXGroup;
			children = (
				AE6A107C1F280BBA00BC6317 /* InjectionProtocols.swift */,
			);
			path = InjectionProtocols;
			sourceTree = "<group>";
		};
		DE99C27CCF4F3CD8E92F77BB /* ThumbnailBuilding */ = {
			isa = PBXGroup;
			children = (
				AE9024301F2A46D900B56A11 /* PreviewBuilder.swift */,
			);
			path = ThumbnailBuilding;
			sourceTree = "<group>";
		};
		DE99C3316EDFC93C346865C3 /* VideoCollections */ = {
			isa = PBXGroup;
			children = (
				AE2949331F292F4A004BFDD9 /* VideoCollectionViewController.swift */,
				AE2949351F292FF1004BFDD9 /* VideoCollectionViewControllerProvider.swift */,
				AE90242A1F29417E00B56A11 /* VideoCell.swift */,
			);
			path = VideoCollections;
			sourceTree = "<group>";
		};
		DE99C378C53BA6170E9E7265 /* Mashup */ = {
			isa = PBXGroup;
			children = (
				DE99C5021175A5F45AE5993C /* MashupTakesViewControllerSpec.swift */,
				AE2949411F293569004BFDD9 /* VideoRepositorySpec.swift */,
			);
			path = Mashup;
			sourceTree = "<group>";
		};
		DE99C5E6F2822F356CDAE593 /* Recording */ = {
			isa = PBXGroup;
			children = (
				AE67247B1F267A1D002AB658 /* CameraViewControllerSpec.swift */,
				AE67247F1F267AF4002AB658 /* RecordButtonSpec.swift */,
				AE6724991F26AFED002AB658 /* CameraViewControllerProviderSpec.swift */,
				AE6724A11F26BA75002AB658 /* BallDropSpec.swift */,
				AE6A10641F27EE9F00BC6317 /* FocusTouchSpec.swift */,
				AE675BC81F281343005A7B4F /* ReviewViewControllerSpec.swift */,
			);
			path = Recording;
			sourceTree = "<group>";
		};
		DE99C65A1159BD64FFB533B2 /* Extensions */ = {
			isa = PBXGroup;
			children = (
				AE6A107E1F280CAC00BC6317 /* Array+BangersAndMash.swift */,
			);
			path = Extensions;
			sourceTree = "<group>";
		};
		DE99C6ED75AF13A10C00B8AF /* Playing */ = {
			isa = PBXGroup;
			children = (
				AE6A106C1F27FED000BC6317 /* VideoPlayerViewControllerSpec.swift */,
				AE675BCC1F281447005A7B4F /* AVPlayerProviderSpec.swift */,
				AE33986A1F2816BD00A3FB8B /* VideoPlayerViewControllerProviderSpec.swift */,
				AE9024431F2A61A200B56A11 /* SongPlayerSpec.swift */,
			);
			path = Playing;
			sourceTree = "<group>";
		};
		DE99C70BCDA747667B99B529 /* Wrappers */ = {
			isa = PBXGroup;
			children = (
				AE6724811F267E4F002AB658 /* Animator.swift */,
				AE6724951F26A7A4002AB658 /* Scheduler.swift */,
			);
			path = Wrappers;
			sourceTree = "<group>";
		};
		DE99C763565C7D73B99F97FF /* Support */ = {
			isa = PBXGroup;
			children = (
				AE6724911F269FCB002AB658 /* TestViewRenderer.swift */,
				AE6724931F26A035002AB658 /* ViewLifecycleSwizzler.swift */,
				DE99C207C14E76D611CE1819 /* Resources */,
			);
			path = Support;
			sourceTree = "<group>";
		};
		DE99C7A9A3477985D01B6C49 /* Presentation */ = {
			isa = PBXGroup;
			children = (
				AE67248B1F269ED8002AB658 /* SubviewPresenter.swift */,
				AE6724A51F27A9C0002AB658 /* SeguePresenter.swift */,
				AE29491D1F28F7A9004BFDD9 /* ViewDismisser.swift */,
				AE29492D1F2914AD004BFDD9 /* NavigationPoppinOff.swift */,
			);
			path = Presentation;
			sourceTree = "<group>";
		};
		DE99C98E08E5C6E53A321A20 /* Filesystem */ = {
			isa = PBXGroup;
			children = (
				AE2949191F28F524004BFDD9 /* VideoArchiver.swift */,
				AE2949251F290133004BFDD9 /* DirectoryFinder.swift */,
			);
			path = Filesystem;
			sourceTree = "<group>";
		};
		DE99CB376B8BC8F9D41BE955 /* Extensions */ = {
			isa = PBXGroup;
			children = (
				AE6A10801F280CCE00BC6317 /* Array+BangersAndMashSpec.swift */,
			);
			path = Extensions;
			sourceTree = "<group>";
		};
		DE99CC065F40110A506653D4 /* Playing */ = {
			isa = PBXGroup;
			children = (
				AE6A10661F27FE2600BC6317 /* VideoPlayerViewController.swift */,
				AE6A10741F2804A700BC6317 /* AVPlayerProvider.swift */,
				AE675BCA1F2813F8005A7B4F /* VideoPlayerViewControllerProvider.swift */,
				AE9024411F2A614500B56A11 /* SongPlayer.swift */,
			);
			path = Playing;
			sourceTree = "<group>";
		};
		DE99CCBCC5F488C3B645C836 /* Presentation */ = {
			isa = PBXGroup;
			children = (
				AE67248F1F269F03002AB658 /* SubviewPresenterSpec.swift */,
				AE29491F1F28F7D3004BFDD9 /* ViewDismisserSpec.swift */,
				AE2949311F291671004BFDD9 /* NavigationPoppinOffSpec.swift */,
			);
			path = Presentation;
			sourceTree = "<group>";
		};
		DE99CD509EB86939A8DA44B1 /* VideoCollections */ = {
			isa = PBXGroup;
			children = (
				AE2949371F293011004BFDD9 /* VideoCollectionViewControllerProviderSpec.swift */,
				AE2949391F29301A004BFDD9 /* VideoCollectionViewControllerSpec.swift */,
				AE90242E1F29442500B56A11 /* VideoCellSpec.swift */,
			);
			path = VideoCollections;
			sourceTree = "<group>";
		};
		DE99CD92E33E239BAAD4CAD7 /* Recording */ = {
			isa = PBXGroup;
			children = (
				AE6724791F2679F0002AB658 /* CameraViewController.swift */,
				AE67247D1F267ACF002AB658 /* RecordButton.swift */,
				AE6724851F2699F6002AB658 /* CameraControllerProvider.swift */,
				AE67249D1F26B91B002AB658 /* BallDrop.swift */,
				AE6724A31F27A95A002AB658 /* ReviewViewController.swift */,
				AE6A10601F27EC3F00BC6317 /* FocusTouch.swift */,
			);
			path = Recording;
			sourceTree = "<group>";
		};
		DE99CE810120666E47E26BDB /* Filesystem */ = {
			isa = PBXGroup;
			children = (
				AE29491B1F28F530004BFDD9 /* VideoArchiverSpec.swift */,
				AE2949271F2904E9004BFDD9 /* DirectoryFinderSpec.swift */,
			);
			path = Filesystem;
			sourceTree = "<group>";
		};
		DE99CED47F1F9A10BC13BB4E /* Mashup */ = {
			isa = PBXGroup;
			children = (
				DE99C9C0EFB204A02ABECCE6 /* MashupTakesViewController.swift */,
				AE29493F1F2934C2004BFDD9 /* VideoRepository.swift */,
			);
			path = Mashup;
			sourceTree = "<group>";
		};
		DE99CFEA3271E6FE06AA3F81 /* Fakes */ = {
			isa = PBXGroup;
			children = (
				AE6724831F267F0C002AB658 /* FakeAnimator.swift */,
				AE6724871F269B3D002AB658 /* FakeCameraViewControllerProvider.swift */,
				AE6724891F269C7C002AB658 /* FakeSwiftyCamViewController.swift */,
				AE67248D1F269EF3002AB658 /* FakeSubviewPresenter.swift */,
				AE6724971F26A8C2002AB658 /* FakeScheduler.swift */,
				AE67249B1F26B711002AB658 /* FakeRecordButton.swift */,
				AE67249F1F26B9FD002AB658 /* FakeBallDrop.swift */,
				AE6724A71F27AA76002AB658 /* FakeSeguePresenter.swift */,
				AE6724A91F27AB78002AB658 /* FakeReviewViewController.swift */,
				AE6A10621F27ECE200BC6317 /* FakeFocusTouch.swift */,
				AE6A10761F28052200BC6317 /* FakeAVPlayerProvider.swift */,
				AE6A10781F28067900BC6317 /* FakeAVPlayer.swift */,
				AE6A107A1F280B6D00BC6317 /* FakeNotificationCenter.swift */,
				AE33986C1F2817C200A3FB8B /* FakeVideoPlayerViewControllerProvider.swift */,
				AE33986E1F28180C00A3FB8B /* FakeVideoPlayerViewController.swift */,
				AE2949211F28F80E004BFDD9 /* FakeViewDismisser.swift */,
				AE2949231F28FEB9004BFDD9 /* FakeVideoArchiver.swift */,
				AE2949291F2904F9004BFDD9 /* FakeDirectoryFinder.swift */,
				AE29492B1F2906FC004BFDD9 /* FakeFileManager.swift */,
				AE29492F1F291611004BFDD9 /* FakeNavigationPoppinOff.swift */,
				AE29493B1F29310C004BFDD9 /* FakeVideoCollectionViewControllerProvider.swift */,
				AE29493D1F293286004BFDD9 /* FakeVideoCollectionViewController.swift */,
				AE2949431F29357F004BFDD9 /* FakeVideoRepository.swift */,
				AE90242C1F2941B600B56A11 /* FakeVideoCell.swift */,
				AE9024341F2A4DE000B56A11 /* FakePreviewBuilder.swift */,
				AE90243F1F2A5F1C00B56A11 /* FakeCameraViewController.swift */,
				AEE3AC681F2A6CA700D10EF4 /* FakeSongPlayer.swift */,
				AEE3AC6A1F2A728D00D10EF4 /* FakeAVAudioPlayer.swift */,
			);
			path = Fakes;
			sourceTree = "<group>";
		};
		E8BF5C3CC321B0F563FC9B39 /* Pods */ = {
			isa = PBXGroup;
			children = (
				D8A40EB490794CCFE95372E6 /* Pods-Bangers and Mash.debug.xcconfig */,
				5D7D804B5D41DB1FDC24CAB9 /* Pods-Bangers and Mash.release.xcconfig */,
				B3A53A65EC66B62DA3A83A7B /* Pods-Bangers and MashTests.debug.xcconfig */,
				62B1D9A56A9B68584F3CFC19 /* Pods-Bangers and MashTests.release.xcconfig */,
				E9BA577600F50C4AB9521A01 /* Pods-Bangers and MashUITests.debug.xcconfig */,
				08CA56B1CA1570BD68DBA59F /* Pods-Bangers and MashUITests.release.xcconfig */,
				C5EA248B01266920958130E0 /* Pods-Bangers and Mash.test.xcconfig */,
				10F2C6EF830410333B1A436F /* Pods-Bangers and MashTests.test.xcconfig */,
				86ED4C5175C3F4E0FE496D83 /* Pods-Bangers and MashUITests.test.xcconfig */,
			);
			name = Pods;
			sourceTree = "<group>";
		};
/* End PBXGroup section */

/* Begin PBXNativeTarget section */
		AE97EB371F26605800E3F8B7 /* Bangers and Mash */ = {
			isa = PBXNativeTarget;
			buildConfigurationList = AE97EB601F26605800E3F8B7 /* Build configuration list for PBXNativeTarget "Bangers and Mash" */;
			buildPhases = (
				6DDDC3C7C820BAE4DC69A2D1 /* [CP] Check Pods Manifest.lock */,
				AE97EB341F26605800E3F8B7 /* Sources */,
				AE97EB351F26605800E3F8B7 /* Frameworks */,
				AE97EB361F26605800E3F8B7 /* Resources */,
				436F9B79162BAAC400BB3034 /* [CP] Embed Pods Frameworks */,
				04701665C8DF216FFA830B7B /* [CP] Copy Pods Resources */,
			);
			buildRules = (
			);
			dependencies = (
			);
			name = "Bangers and Mash";
			productName = "Bangers and Mash";
			productReference = AE97EB381F26605800E3F8B7 /* Bangers and Mash.app */;
			productType = "com.apple.product-type.application";
		};
		AE97EB4B1F26605800E3F8B7 /* Bangers and MashTests */ = {
			isa = PBXNativeTarget;
			buildConfigurationList = AE97EB631F26605800E3F8B7 /* Build configuration list for PBXNativeTarget "Bangers and MashTests" */;
			buildPhases = (
				8FBFE04812426BD56FE82431 /* [CP] Check Pods Manifest.lock */,
				AE97EB481F26605800E3F8B7 /* Sources */,
				AE97EB491F26605800E3F8B7 /* Frameworks */,
				AE97EB4A1F26605800E3F8B7 /* Resources */,
				BE4FC74921FD84AC9CC3BBCC /* [CP] Embed Pods Frameworks */,
				AD4D079F750E5C8D20530C8A /* [CP] Copy Pods Resources */,
			);
			buildRules = (
			);
			dependencies = (
				AE97EB4E1F26605800E3F8B7 /* PBXTargetDependency */,
			);
			name = "Bangers and MashTests";
			productName = "Bangers and MashTests";
			productReference = AE97EB4C1F26605800E3F8B7 /* Bangers and MashTests.xctest */;
			productType = "com.apple.product-type.bundle.unit-test";
		};
		AE97EB561F26605800E3F8B7 /* Bangers and MashUITests */ = {
			isa = PBXNativeTarget;
			buildConfigurationList = AE97EB661F26605800E3F8B7 /* Build configuration list for PBXNativeTarget "Bangers and MashUITests" */;
			buildPhases = (
				1DCB54715B6DF3CE9D5C2A9F /* [CP] Check Pods Manifest.lock */,
				AE97EB531F26605800E3F8B7 /* Sources */,
				AE97EB541F26605800E3F8B7 /* Frameworks */,
				AE97EB551F26605800E3F8B7 /* Resources */,
				57949562B68FCD8D318C9AFB /* [CP] Embed Pods Frameworks */,
				6918AE766F3D29337537ACF0 /* [CP] Copy Pods Resources */,
			);
			buildRules = (
			);
			dependencies = (
				AE97EB591F26605800E3F8B7 /* PBXTargetDependency */,
			);
			name = "Bangers and MashUITests";
			productName = "Bangers and MashUITests";
			productReference = AE97EB571F26605800E3F8B7 /* Bangers and MashUITests.xctest */;
			productType = "com.apple.product-type.bundle.ui-testing";
		};
/* End PBXNativeTarget section */

/* Begin PBXProject section */
		AE97EB301F26605800E3F8B7 /* Project object */ = {
			isa = PBXProject;
			attributes = {
				LastSwiftUpdateCheck = 0830;
				LastUpgradeCheck = 0830;
				ORGANIZATIONNAME = "Rocketbelt Labs";
				TargetAttributes = {
					AE97EB371F26605800E3F8B7 = {
						CreatedOnToolsVersion = 8.3.3;
						DevelopmentTeam = U2J974NN6J;
						ProvisioningStyle = Automatic;
					};
					AE97EB4B1F26605800E3F8B7 = {
						CreatedOnToolsVersion = 8.3.3;
						ProvisioningStyle = Automatic;
						TestTargetID = AE97EB371F26605800E3F8B7;
					};
					AE97EB561F26605800E3F8B7 = {
						CreatedOnToolsVersion = 8.3.3;
						ProvisioningStyle = Automatic;
						TestTargetID = AE97EB371F26605800E3F8B7;
					};
				};
			};
			buildConfigurationList = AE97EB331F26605800E3F8B7 /* Build configuration list for PBXProject "Bangers and Mash" */;
			compatibilityVersion = "Xcode 3.2";
			developmentRegion = English;
			hasScannedForEncodings = 0;
			knownRegions = (
				en,
				Base,
			);
			mainGroup = AE97EB2F1F26605800E3F8B7;
			productRefGroup = AE97EB391F26605800E3F8B7 /* Products */;
			projectDirPath = "";
			projectRoot = "";
			targets = (
				AE97EB371F26605800E3F8B7 /* Bangers and Mash */,
				AE97EB4B1F26605800E3F8B7 /* Bangers and MashTests */,
				AE97EB561F26605800E3F8B7 /* Bangers and MashUITests */,
			);
		};
/* End PBXProject section */

/* Begin PBXResourcesBuildPhase section */
		AE97EB361F26605800E3F8B7 /* Resources */ = {
			isa = PBXResourcesBuildPhase;
			buildActionMask = 2147483647;
			files = (
				AE90243E1F2A5D6900B56A11 /* wild_thoughts.mp3 in Resources */,
				AE97EB461F26605800E3F8B7 /* LaunchScreen.storyboard in Resources */,
				AE97EB431F26605800E3F8B7 /* Assets.xcassets in Resources */,
				AE97EB411F26605800E3F8B7 /* Main.storyboard in Resources */,
			);
			runOnlyForDeploymentPostprocessing = 0;
		};
		AE97EB4A1F26605800E3F8B7 /* Resources */ = {
			isa = PBXResourcesBuildPhase;
			buildActionMask = 2147483647;
			files = (
				AE90243A1F2A583200B56A11 /* wild_thoughts.mp3 in Resources */,
				AE9024371F2A4F7400B56A11 /* perrier.MOV in Resources */,
				AE6A10721F28027500BC6317 /* youngn.mp3 in Resources */,
			);
			runOnlyForDeploymentPostprocessing = 0;
		};
		AE97EB551F26605800E3F8B7 /* Resources */ = {
			isa = PBXResourcesBuildPhase;
			buildActionMask = 2147483647;
			files = (
				AE90243B1F2A583200B56A11 /* wild_thoughts.mp3 in Resources */,
				AE9024381F2A4F7B00B56A11 /* perrier.MOV in Resources */,
				AE6A10731F28027500BC6317 /* youngn.mp3 in Resources */,
			);
			runOnlyForDeploymentPostprocessing = 0;
		};
/* End PBXResourcesBuildPhase section */

/* Begin PBXShellScriptBuildPhase section */
		04701665C8DF216FFA830B7B /* [CP] Copy Pods Resources */ = {
			isa = PBXShellScriptBuildPhase;
			buildActionMask = 2147483647;
			files = (
			);
			inputPaths = (
			);
			name = "[CP] Copy Pods Resources";
			outputPaths = (
			);
			runOnlyForDeploymentPostprocessing = 0;
			shellPath = /bin/sh;
			shellScript = "\"${SRCROOT}/Pods/Target Support Files/Pods-Bangers and Mash/Pods-Bangers and Mash-resources.sh\"\n";
			showEnvVarsInLog = 0;
		};
		1DCB54715B6DF3CE9D5C2A9F /* [CP] Check Pods Manifest.lock */ = {
			isa = PBXShellScriptBuildPhase;
			buildActionMask = 2147483647;
			files = (
			);
			inputPaths = (
			);
			name = "[CP] Check Pods Manifest.lock";
			outputPaths = (
			);
			runOnlyForDeploymentPostprocessing = 0;
			shellPath = /bin/sh;
			shellScript = "diff \"${PODS_PODFILE_DIR_PATH}/Podfile.lock\" \"${PODS_ROOT}/Manifest.lock\" > /dev/null\nif [ $? != 0 ] ; then\n    # print error to STDERR\n    echo \"error: The sandbox is not in sync with the Podfile.lock. Run 'pod install' or update your CocoaPods installation.\" >&2\n    exit 1\nfi\n";
			showEnvVarsInLog = 0;
		};
		436F9B79162BAAC400BB3034 /* [CP] Embed Pods Frameworks */ = {
			isa = PBXShellScriptBuildPhase;
			buildActionMask = 2147483647;
			files = (
			);
			inputPaths = (
			);
			name = "[CP] Embed Pods Frameworks";
			outputPaths = (
			);
			runOnlyForDeploymentPostprocessing = 0;
			shellPath = /bin/sh;
			shellScript = "\"${SRCROOT}/Pods/Target Support Files/Pods-Bangers and Mash/Pods-Bangers and Mash-frameworks.sh\"\n";
			showEnvVarsInLog = 0;
		};
		57949562B68FCD8D318C9AFB /* [CP] Embed Pods Frameworks */ = {
			isa = PBXShellScriptBuildPhase;
			buildActionMask = 2147483647;
			files = (
			);
			inputPaths = (
			);
			name = "[CP] Embed Pods Frameworks";
			outputPaths = (
			);
			runOnlyForDeploymentPostprocessing = 0;
			shellPath = /bin/sh;
			shellScript = "\"${SRCROOT}/Pods/Target Support Files/Pods-Bangers and MashUITests/Pods-Bangers and MashUITests-frameworks.sh\"\n";
			showEnvVarsInLog = 0;
		};
		6918AE766F3D29337537ACF0 /* [CP] Copy Pods Resources */ = {
			isa = PBXShellScriptBuildPhase;
			buildActionMask = 2147483647;
			files = (
			);
			inputPaths = (
			);
			name = "[CP] Copy Pods Resources";
			outputPaths = (
			);
			runOnlyForDeploymentPostprocessing = 0;
			shellPath = /bin/sh;
			shellScript = "\"${SRCROOT}/Pods/Target Support Files/Pods-Bangers and MashUITests/Pods-Bangers and MashUITests-resources.sh\"\n";
			showEnvVarsInLog = 0;
		};
		6DDDC3C7C820BAE4DC69A2D1 /* [CP] Check Pods Manifest.lock */ = {
			isa = PBXShellScriptBuildPhase;
			buildActionMask = 2147483647;
			files = (
			);
			inputPaths = (
			);
			name = "[CP] Check Pods Manifest.lock";
			outputPaths = (
			);
			runOnlyForDeploymentPostprocessing = 0;
			shellPath = /bin/sh;
			shellScript = "diff \"${PODS_PODFILE_DIR_PATH}/Podfile.lock\" \"${PODS_ROOT}/Manifest.lock\" > /dev/null\nif [ $? != 0 ] ; then\n    # print error to STDERR\n    echo \"error: The sandbox is not in sync with the Podfile.lock. Run 'pod install' or update your CocoaPods installation.\" >&2\n    exit 1\nfi\n";
			showEnvVarsInLog = 0;
		};
		8FBFE04812426BD56FE82431 /* [CP] Check Pods Manifest.lock */ = {
			isa = PBXShellScriptBuildPhase;
			buildActionMask = 2147483647;
			files = (
			);
			inputPaths = (
			);
			name = "[CP] Check Pods Manifest.lock";
			outputPaths = (
			);
			runOnlyForDeploymentPostprocessing = 0;
			shellPath = /bin/sh;
			shellScript = "diff \"${PODS_PODFILE_DIR_PATH}/Podfile.lock\" \"${PODS_ROOT}/Manifest.lock\" > /dev/null\nif [ $? != 0 ] ; then\n    # print error to STDERR\n    echo \"error: The sandbox is not in sync with the Podfile.lock. Run 'pod install' or update your CocoaPods installation.\" >&2\n    exit 1\nfi\n";
			showEnvVarsInLog = 0;
		};
		AD4D079F750E5C8D20530C8A /* [CP] Copy Pods Resources */ = {
			isa = PBXShellScriptBuildPhase;
			buildActionMask = 2147483647;
			files = (
			);
			inputPaths = (
			);
			name = "[CP] Copy Pods Resources";
			outputPaths = (
			);
			runOnlyForDeploymentPostprocessing = 0;
			shellPath = /bin/sh;
			shellScript = "\"${SRCROOT}/Pods/Target Support Files/Pods-Bangers and MashTests/Pods-Bangers and MashTests-resources.sh\"\n";
			showEnvVarsInLog = 0;
		};
		BE4FC74921FD84AC9CC3BBCC /* [CP] Embed Pods Frameworks */ = {
			isa = PBXShellScriptBuildPhase;
			buildActionMask = 2147483647;
			files = (
			);
			inputPaths = (
			);
			name = "[CP] Embed Pods Frameworks";
			outputPaths = (
			);
			runOnlyForDeploymentPostprocessing = 0;
			shellPath = /bin/sh;
			shellScript = "\"${SRCROOT}/Pods/Target Support Files/Pods-Bangers and MashTests/Pods-Bangers and MashTests-frameworks.sh\"\n";
			showEnvVarsInLog = 0;
		};
/* End PBXShellScriptBuildPhase section */

/* Begin PBXSourcesBuildPhase section */
		AE97EB341F26605800E3F8B7 /* Sources */ = {
			isa = PBXSourcesBuildPhase;
			buildActionMask = 2147483647;
			files = (
				AE90243D1F2A58C500B56A11 /* Song.swift in Sources */,
				AE2949341F292F4A004BFDD9 /* VideoCollectionViewController.swift in Sources */,
				AE29491E1F28F7A9004BFDD9 /* ViewDismisser.swift in Sources */,
				AE2949401F2934C2004BFDD9 /* VideoRepository.swift in Sources */,
				AE29492E1F2914AD004BFDD9 /* NavigationPoppinOff.swift in Sources */,
				AE2949361F292FF1004BFDD9 /* VideoCollectionViewControllerProvider.swift in Sources */,
				AE2949261F290133004BFDD9 /* DirectoryFinder.swift in Sources */,
				AE6724A61F27A9C0002AB658 /* SeguePresenter.swift in Sources */,
				AE90242B1F29417E00B56A11 /* VideoCell.swift in Sources */,
				AE6724821F267E4F002AB658 /* Animator.swift in Sources */,
				AE6724861F2699F6002AB658 /* CameraControllerProvider.swift in Sources */,
				AE6A10671F27FE2600BC6317 /* VideoPlayerViewController.swift in Sources */,
				AE97EB3C1F26605800E3F8B7 /* AppDelegate.swift in Sources */,
				AE67249E1F26B91B002AB658 /* BallDrop.swift in Sources */,
				AE9024311F2A46D900B56A11 /* PreviewBuilder.swift in Sources */,
				AE675BCB1F2813F8005A7B4F /* VideoPlayerViewControllerProvider.swift in Sources */,
				AE67247A1F2679F0002AB658 /* CameraViewController.swift in Sources */,
				AE9024421F2A614500B56A11 /* SongPlayer.swift in Sources */,
				AE29491A1F28F524004BFDD9 /* VideoArchiver.swift in Sources */,
				AE471F011F26702D00BB03B6 /* main.swift in Sources */,
				AE6A10751F2804A700BC6317 /* AVPlayerProvider.swift in Sources */,
				DE99C458DBE47F81BD46CAC5 /* MashupTakesViewController.swift in Sources */,
				AE6724A41F27A95A002AB658 /* ReviewViewController.swift in Sources */,
				AE6A107F1F280CAC00BC6317 /* Array+BangersAndMash.swift in Sources */,
				AE6A107D1F280BBA00BC6317 /* InjectionProtocols.swift in Sources */,
				AE6724961F26A7A4002AB658 /* Scheduler.swift in Sources */,
				AE6A10611F27EC3F00BC6317 /* FocusTouch.swift in Sources */,
				AE67248C1F269ED8002AB658 /* SubviewPresenter.swift in Sources */,
				AE67247E1F267ACF002AB658 /* RecordButton.swift in Sources */,
			);
			runOnlyForDeploymentPostprocessing = 0;
		};
		AE97EB481F26605800E3F8B7 /* Sources */ = {
			isa = PBXSourcesBuildPhase;
			buildActionMask = 2147483647;
			files = (
				AE6724A01F26B9FD002AB658 /* FakeBallDrop.swift in Sources */,
				AE6A107B1F280B6D00BC6317 /* FakeNotificationCenter.swift in Sources */,
				AE2949441F29357F004BFDD9 /* FakeVideoRepository.swift in Sources */,
				AE9024351F2A4DE000B56A11 /* FakePreviewBuilder.swift in Sources */,
				AE29492C1F2906FC004BFDD9 /* FakeFileManager.swift in Sources */,
				AE67249A1F26AFED002AB658 /* CameraViewControllerProviderSpec.swift in Sources */,
				AE67248E1F269EF3002AB658 /* FakeSubviewPresenter.swift in Sources */,
				AE2949421F293569004BFDD9 /* VideoRepositorySpec.swift in Sources */,
				AE6A10811F280CCE00BC6317 /* Array+BangersAndMashSpec.swift in Sources */,
				AE6A10651F27EE9F00BC6317 /* FocusTouchSpec.swift in Sources */,
				AE29491C1F28F530004BFDD9 /* VideoArchiverSpec.swift in Sources */,
				AE6724801F267AF4002AB658 /* RecordButtonSpec.swift in Sources */,
				AE33986D1F2817C200A3FB8B /* FakeVideoPlayerViewControllerProvider.swift in Sources */,
				AE2949381F293011004BFDD9 /* VideoCollectionViewControllerProviderSpec.swift in Sources */,
				AE33986F1F28180C00A3FB8B /* FakeVideoPlayerViewController.swift in Sources */,
				AE67247C1F267A1D002AB658 /* CameraViewControllerSpec.swift in Sources */,
				AE6A10631F27ECE200BC6317 /* FakeFocusTouch.swift in Sources */,
				AE6724AA1F27AB78002AB658 /* FakeReviewViewController.swift in Sources */,
				AE6A10791F28067900BC6317 /* FakeAVPlayer.swift in Sources */,
				AE29492A1F2904F9004BFDD9 /* FakeDirectoryFinder.swift in Sources */,
				DE99CB3607F8D24FACAD8292 /* MashupTakesViewControllerSpec.swift in Sources */,
				AE9024401F2A5F1C00B56A11 /* FakeCameraViewController.swift in Sources */,
				AEE3AC691F2A6CA700D10EF4 /* FakeSongPlayer.swift in Sources */,
				AE6724A21F26BA75002AB658 /* BallDropSpec.swift in Sources */,
				AE2949301F291611004BFDD9 /* FakeNavigationPoppinOff.swift in Sources */,
				AE67248A1F269C7C002AB658 /* FakeSwiftyCamViewController.swift in Sources */,
				AE2949321F291671004BFDD9 /* NavigationPoppinOffSpec.swift in Sources */,
				AE9024441F2A61A200B56A11 /* SongPlayerSpec.swift in Sources */,
				AE6724981F26A8C2002AB658 /* FakeScheduler.swift in Sources */,
				AE9024461F2A647100B56A11 /* SongSpec.swift in Sources */,
				AE6A106D1F27FED000BC6317 /* VideoPlayerViewControllerSpec.swift in Sources */,
				AE6724901F269F03002AB658 /* SubviewPresenterSpec.swift in Sources */,
				AE90242D1F2941B600B56A11 /* FakeVideoCell.swift in Sources */,
				AE6724841F267F0C002AB658 /* FakeAnimator.swift in Sources */,
				AE33986B1F2816BD00A3FB8B /* VideoPlayerViewControllerProviderSpec.swift in Sources */,
				AE6A10771F28052200BC6317 /* FakeAVPlayerProvider.swift in Sources */,
				AE2949221F28F80E004BFDD9 /* FakeViewDismisser.swift in Sources */,
				AE6724A81F27AA76002AB658 /* FakeSeguePresenter.swift in Sources */,
				AE6724921F269FCB002AB658 /* TestViewRenderer.swift in Sources */,
				AE2949281F2904E9004BFDD9 /* DirectoryFinderSpec.swift in Sources */,
				AE6724881F269B3D002AB658 /* FakeCameraViewControllerProvider.swift in Sources */,
				AE67249C1F26B711002AB658 /* FakeRecordButton.swift in Sources */,
				AE2949241F28FEB9004BFDD9 /* FakeVideoArchiver.swift in Sources */,
				AE675BCD1F281447005A7B4F /* AVPlayerProviderSpec.swift in Sources */,
				AE9024331F2A48BB00B56A11 /* PreviewBuilderSpec.swift in Sources */,
				AEE3AC6B1F2A728D00D10EF4 /* FakeAVAudioPlayer.swift in Sources */,
				AE29493C1F29310C004BFDD9 /* FakeVideoCollectionViewControllerProvider.swift in Sources */,
				AE29493E1F293286004BFDD9 /* FakeVideoCollectionViewController.swift in Sources */,
				AE2949201F28F7D3004BFDD9 /* ViewDismisserSpec.swift in Sources */,
				AE90242F1F29442500B56A11 /* VideoCellSpec.swift in Sources */,
				AE675BC91F281343005A7B4F /* ReviewViewControllerSpec.swift in Sources */,
				AE6724941F26A035002AB658 /* ViewLifecycleSwizzler.swift in Sources */,
				AE29493A1F29301A004BFDD9 /* VideoCollectionViewControllerSpec.swift in Sources */,
			);
			runOnlyForDeploymentPostprocessing = 0;
		};
		AE97EB531F26605800E3F8B7 /* Sources */ = {
			isa = PBXSourcesBuildPhase;
			buildActionMask = 2147483647;
			files = (
				AE97EB5C1F26605800E3F8B7 /* Bangers_and_MashUITests.swift in Sources */,
			);
			runOnlyForDeploymentPostprocessing = 0;
		};
/* End PBXSourcesBuildPhase section */

/* Begin PBXTargetDependency section */
		AE97EB4E1F26605800E3F8B7 /* PBXTargetDependency */ = {
			isa = PBXTargetDependency;
			target = AE97EB371F26605800E3F8B7 /* Bangers and Mash */;
			targetProxy = AE97EB4D1F26605800E3F8B7 /* PBXContainerItemProxy */;
		};
		AE97EB591F26605800E3F8B7 /* PBXTargetDependency */ = {
			isa = PBXTargetDependency;
			target = AE97EB371F26605800E3F8B7 /* Bangers and Mash */;
			targetProxy = AE97EB581F26605800E3F8B7 /* PBXContainerItemProxy */;
		};
/* End PBXTargetDependency section */

/* Begin PBXVariantGroup section */
		AE97EB3F1F26605800E3F8B7 /* Main.storyboard */ = {
			isa = PBXVariantGroup;
			children = (
				AE97EB401F26605800E3F8B7 /* Base */,
			);
			name = Main.storyboard;
			sourceTree = "<group>";
		};
		AE97EB441F26605800E3F8B7 /* LaunchScreen.storyboard */ = {
			isa = PBXVariantGroup;
			children = (
				AE97EB451F26605800E3F8B7 /* Base */,
			);
			name = LaunchScreen.storyboard;
			sourceTree = "<group>";
		};
/* End PBXVariantGroup section */

/* Begin XCBuildConfiguration section */
		AE471F021F2675F700BB03B6 /* Test */ = {
			isa = XCBuildConfiguration;
			buildSettings = {
				ALWAYS_SEARCH_USER_PATHS = NO;
				CLANG_ANALYZER_NONNULL = YES;
				CLANG_ANALYZER_NUMBER_OBJECT_CONVERSION = YES_AGGRESSIVE;
				CLANG_CXX_LANGUAGE_STANDARD = "gnu++0x";
				CLANG_CXX_LIBRARY = "libc++";
				CLANG_ENABLE_MODULES = YES;
				CLANG_ENABLE_OBJC_ARC = YES;
				CLANG_WARN_BOOL_CONVERSION = YES;
				CLANG_WARN_CONSTANT_CONVERSION = YES;
				CLANG_WARN_DIRECT_OBJC_ISA_USAGE = YES_ERROR;
				CLANG_WARN_DOCUMENTATION_COMMENTS = YES;
				CLANG_WARN_EMPTY_BODY = YES;
				CLANG_WARN_ENUM_CONVERSION = YES;
				CLANG_WARN_INFINITE_RECURSION = YES;
				CLANG_WARN_INT_CONVERSION = YES;
				CLANG_WARN_OBJC_ROOT_CLASS = YES_ERROR;
				CLANG_WARN_SUSPICIOUS_MOVE = YES;
				CLANG_WARN_UNREACHABLE_CODE = YES;
				CLANG_WARN__DUPLICATE_METHOD_MATCH = YES;
				"CODE_SIGN_IDENTITY[sdk=iphoneos*]" = "iPhone Developer";
				COPY_PHASE_STRIP = NO;
				DEBUG_INFORMATION_FORMAT = dwarf;
				ENABLE_STRICT_OBJC_MSGSEND = YES;
				ENABLE_TESTABILITY = YES;
				GCC_C_LANGUAGE_STANDARD = gnu99;
				GCC_DYNAMIC_NO_PIC = NO;
				GCC_NO_COMMON_BLOCKS = YES;
				GCC_OPTIMIZATION_LEVEL = 0;
				GCC_PREPROCESSOR_DEFINITIONS = (
					"DEBUG=1",
					"$(inherited)",
				);
				GCC_WARN_64_TO_32_BIT_CONVERSION = YES;
				GCC_WARN_ABOUT_RETURN_TYPE = YES_ERROR;
				GCC_WARN_UNDECLARED_SELECTOR = YES;
				GCC_WARN_UNINITIALIZED_AUTOS = YES_AGGRESSIVE;
				GCC_WARN_UNUSED_FUNCTION = YES;
				GCC_WARN_UNUSED_VARIABLE = YES;
				IPHONEOS_DEPLOYMENT_TARGET = 10.3;
				MTL_ENABLE_DEBUG_INFO = YES;
				ONLY_ACTIVE_ARCH = YES;
				SDKROOT = iphoneos;
				SWIFT_ACTIVE_COMPILATION_CONDITIONS = DEBUG;
				SWIFT_OPTIMIZATION_LEVEL = "-Onone";
				TARGETED_DEVICE_FAMILY = "1,2";
			};
			name = Test;
		};
		AE471F031F2675F700BB03B6 /* Test */ = {
			isa = XCBuildConfiguration;
			baseConfigurationReference = C5EA248B01266920958130E0 /* Pods-Bangers and Mash.test.xcconfig */;
			buildSettings = {
				ASSETCATALOG_COMPILER_APPICON_NAME = AppIcon;
				DEVELOPMENT_TEAM = U2J974NN6J;
				INFOPLIST_FILE = "Bangers and Mash/Info.plist";
				LD_RUNPATH_SEARCH_PATHS = "$(inherited) @executable_path/Frameworks";
				PRODUCT_BUNDLE_IDENTIFIER = "com.rocketbeltlabs.Bangers-and-Mash";
				PRODUCT_NAME = "$(TARGET_NAME)";
				SWIFT_VERSION = 3.0;
			};
			name = Test;
		};
		AE471F041F2675F700BB03B6 /* Test */ = {
			isa = XCBuildConfiguration;
			baseConfigurationReference = 10F2C6EF830410333B1A436F /* Pods-Bangers and MashTests.test.xcconfig */;
			buildSettings = {
				ALWAYS_EMBED_SWIFT_STANDARD_LIBRARIES = "$(inherited)";
				BUNDLE_LOADER = "$(TEST_HOST)";
				INFOPLIST_FILE = "Bangers and MashTests/Info.plist";
				LD_RUNPATH_SEARCH_PATHS = "$(inherited) @executable_path/Frameworks @loader_path/Frameworks";
				PRODUCT_BUNDLE_IDENTIFIER = "com.rocketbeltlabs.Bangers-and-MashTests";
				PRODUCT_NAME = "$(TARGET_NAME)";
				SWIFT_VERSION = 3.0;
				TEST_HOST = "$(BUILT_PRODUCTS_DIR)/Bangers and Mash.app/Bangers and Mash";
			};
			name = Test;
		};
		AE471F051F2675F700BB03B6 /* Test */ = {
			isa = XCBuildConfiguration;
			baseConfigurationReference = 86ED4C5175C3F4E0FE496D83 /* Pods-Bangers and MashUITests.test.xcconfig */;
			buildSettings = {
				ALWAYS_EMBED_SWIFT_STANDARD_LIBRARIES = "$(inherited)";
				INFOPLIST_FILE = "Bangers and MashUITests/Info.plist";
				LD_RUNPATH_SEARCH_PATHS = "$(inherited) @executable_path/Frameworks @loader_path/Frameworks";
				PRODUCT_BUNDLE_IDENTIFIER = "com.rocketbeltlabs.Bangers-and-MashUITests";
				PRODUCT_NAME = "$(TARGET_NAME)";
				SWIFT_VERSION = 3.0;
				TEST_TARGET_NAME = "Bangers and Mash";
			};
			name = Test;
		};
		AE97EB5E1F26605800E3F8B7 /* Debug */ = {
			isa = XCBuildConfiguration;
			buildSettings = {
				ALWAYS_SEARCH_USER_PATHS = NO;
				CLANG_ANALYZER_NONNULL = YES;
				CLANG_ANALYZER_NUMBER_OBJECT_CONVERSION = YES_AGGRESSIVE;
				CLANG_CXX_LANGUAGE_STANDARD = "gnu++0x";
				CLANG_CXX_LIBRARY = "libc++";
				CLANG_ENABLE_MODULES = YES;
				CLANG_ENABLE_OBJC_ARC = YES;
				CLANG_WARN_BOOL_CONVERSION = YES;
				CLANG_WARN_CONSTANT_CONVERSION = YES;
				CLANG_WARN_DIRECT_OBJC_ISA_USAGE = YES_ERROR;
				CLANG_WARN_DOCUMENTATION_COMMENTS = YES;
				CLANG_WARN_EMPTY_BODY = YES;
				CLANG_WARN_ENUM_CONVERSION = YES;
				CLANG_WARN_INFINITE_RECURSION = YES;
				CLANG_WARN_INT_CONVERSION = YES;
				CLANG_WARN_OBJC_ROOT_CLASS = YES_ERROR;
				CLANG_WARN_SUSPICIOUS_MOVE = YES;
				CLANG_WARN_UNREACHABLE_CODE = YES;
				CLANG_WARN__DUPLICATE_METHOD_MATCH = YES;
				"CODE_SIGN_IDENTITY[sdk=iphoneos*]" = "iPhone Developer";
				COPY_PHASE_STRIP = NO;
				DEBUG_INFORMATION_FORMAT = dwarf;
				ENABLE_STRICT_OBJC_MSGSEND = YES;
				ENABLE_TESTABILITY = YES;
				GCC_C_LANGUAGE_STANDARD = gnu99;
				GCC_DYNAMIC_NO_PIC = NO;
				GCC_NO_COMMON_BLOCKS = YES;
				GCC_OPTIMIZATION_LEVEL = 0;
				GCC_PREPROCESSOR_DEFINITIONS = (
					"DEBUG=1",
					"$(inherited)",
				);
				GCC_WARN_64_TO_32_BIT_CONVERSION = YES;
				GCC_WARN_ABOUT_RETURN_TYPE = YES_ERROR;
				GCC_WARN_UNDECLARED_SELECTOR = YES;
				GCC_WARN_UNINITIALIZED_AUTOS = YES_AGGRESSIVE;
				GCC_WARN_UNUSED_FUNCTION = YES;
				GCC_WARN_UNUSED_VARIABLE = YES;
				IPHONEOS_DEPLOYMENT_TARGET = 10.3;
				MTL_ENABLE_DEBUG_INFO = YES;
				ONLY_ACTIVE_ARCH = YES;
				SDKROOT = iphoneos;
				SWIFT_ACTIVE_COMPILATION_CONDITIONS = DEBUG;
				SWIFT_OPTIMIZATION_LEVEL = "-Onone";
				TARGETED_DEVICE_FAMILY = "1,2";
			};
			name = Debug;
		};
		AE97EB5F1F26605800E3F8B7 /* Release */ = {
			isa = XCBuildConfiguration;
			buildSettings = {
				ALWAYS_SEARCH_USER_PATHS = NO;
				CLANG_ANALYZER_NONNULL = YES;
				CLANG_ANALYZER_NUMBER_OBJECT_CONVERSION = YES_AGGRESSIVE;
				CLANG_CXX_LANGUAGE_STANDARD = "gnu++0x";
				CLANG_CXX_LIBRARY = "libc++";
				CLANG_ENABLE_MODULES = YES;
				CLANG_ENABLE_OBJC_ARC = YES;
				CLANG_WARN_BOOL_CONVERSION = YES;
				CLANG_WARN_CONSTANT_CONVERSION = YES;
				CLANG_WARN_DIRECT_OBJC_ISA_USAGE = YES_ERROR;
				CLANG_WARN_DOCUMENTATION_COMMENTS = YES;
				CLANG_WARN_EMPTY_BODY = YES;
				CLANG_WARN_ENUM_CONVERSION = YES;
				CLANG_WARN_INFINITE_RECURSION = YES;
				CLANG_WARN_INT_CONVERSION = YES;
				CLANG_WARN_OBJC_ROOT_CLASS = YES_ERROR;
				CLANG_WARN_SUSPICIOUS_MOVE = YES;
				CLANG_WARN_UNREACHABLE_CODE = YES;
				CLANG_WARN__DUPLICATE_METHOD_MATCH = YES;
				"CODE_SIGN_IDENTITY[sdk=iphoneos*]" = "iPhone Developer";
				COPY_PHASE_STRIP = NO;
				DEBUG_INFORMATION_FORMAT = "dwarf-with-dsym";
				ENABLE_NS_ASSERTIONS = NO;
				ENABLE_STRICT_OBJC_MSGSEND = YES;
				GCC_C_LANGUAGE_STANDARD = gnu99;
				GCC_NO_COMMON_BLOCKS = YES;
				GCC_WARN_64_TO_32_BIT_CONVERSION = YES;
				GCC_WARN_ABOUT_RETURN_TYPE = YES_ERROR;
				GCC_WARN_UNDECLARED_SELECTOR = YES;
				GCC_WARN_UNINITIALIZED_AUTOS = YES_AGGRESSIVE;
				GCC_WARN_UNUSED_FUNCTION = YES;
				GCC_WARN_UNUSED_VARIABLE = YES;
				IPHONEOS_DEPLOYMENT_TARGET = 10.3;
				MTL_ENABLE_DEBUG_INFO = NO;
				SDKROOT = iphoneos;
				SWIFT_OPTIMIZATION_LEVEL = "-Owholemodule";
				TARGETED_DEVICE_FAMILY = "1,2";
				VALIDATE_PRODUCT = YES;
			};
			name = Release;
		};
		AE97EB611F26605800E3F8B7 /* Debug */ = {
			isa = XCBuildConfiguration;
			baseConfigurationReference = D8A40EB490794CCFE95372E6 /* Pods-Bangers and Mash.debug.xcconfig */;
			buildSettings = {
				ASSETCATALOG_COMPILER_APPICON_NAME = AppIcon;
				DEVELOPMENT_TEAM = U2J974NN6J;
				INFOPLIST_FILE = "Bangers and Mash/Info.plist";
				LD_RUNPATH_SEARCH_PATHS = "$(inherited) @executable_path/Frameworks";
				PRODUCT_BUNDLE_IDENTIFIER = "com.rocketbeltlabs.Bangers-and-Mash";
				PRODUCT_NAME = "$(TARGET_NAME)";
				SWIFT_VERSION = 3.0;
			};
			name = Debug;
		};
		AE97EB621F26605800E3F8B7 /* Release */ = {
			isa = XCBuildConfiguration;
			baseConfigurationReference = 5D7D804B5D41DB1FDC24CAB9 /* Pods-Bangers and Mash.release.xcconfig */;
			buildSettings = {
				ASSETCATALOG_COMPILER_APPICON_NAME = AppIcon;
				DEVELOPMENT_TEAM = U2J974NN6J;
				INFOPLIST_FILE = "Bangers and Mash/Info.plist";
				LD_RUNPATH_SEARCH_PATHS = "$(inherited) @executable_path/Frameworks";
				PRODUCT_BUNDLE_IDENTIFIER = "com.rocketbeltlabs.Bangers-and-Mash";
				PRODUCT_NAME = "$(TARGET_NAME)";
				SWIFT_VERSION = 3.0;
			};
			name = Release;
		};
		AE97EB641F26605800E3F8B7 /* Debug */ = {
			isa = XCBuildConfiguration;
			baseConfigurationReference = B3A53A65EC66B62DA3A83A7B /* Pods-Bangers and MashTests.debug.xcconfig */;
			buildSettings = {
				ALWAYS_EMBED_SWIFT_STANDARD_LIBRARIES = "$(inherited)";
				BUNDLE_LOADER = "$(TEST_HOST)";
				INFOPLIST_FILE = "Bangers and MashTests/Info.plist";
				LD_RUNPATH_SEARCH_PATHS = "$(inherited) @executable_path/Frameworks @loader_path/Frameworks";
				PRODUCT_BUNDLE_IDENTIFIER = "com.rocketbeltlabs.Bangers-and-MashTests";
				PRODUCT_NAME = "$(TARGET_NAME)";
				SWIFT_VERSION = 3.0;
				TEST_HOST = "$(BUILT_PRODUCTS_DIR)/Bangers and Mash.app/Bangers and Mash";
			};
			name = Debug;
		};
		AE97EB651F26605800E3F8B7 /* Release */ = {
			isa = XCBuildConfiguration;
			baseConfigurationReference = 62B1D9A56A9B68584F3CFC19 /* Pods-Bangers and MashTests.release.xcconfig */;
			buildSettings = {
				ALWAYS_EMBED_SWIFT_STANDARD_LIBRARIES = "$(inherited)";
				BUNDLE_LOADER = "$(TEST_HOST)";
				INFOPLIST_FILE = "Bangers and MashTests/Info.plist";
				LD_RUNPATH_SEARCH_PATHS = "$(inherited) @executable_path/Frameworks @loader_path/Frameworks";
				PRODUCT_BUNDLE_IDENTIFIER = "com.rocketbeltlabs.Bangers-and-MashTests";
				PRODUCT_NAME = "$(TARGET_NAME)";
				SWIFT_VERSION = 3.0;
				TEST_HOST = "$(BUILT_PRODUCTS_DIR)/Bangers and Mash.app/Bangers and Mash";
			};
			name = Release;
		};
		AE97EB671F26605800E3F8B7 /* Debug */ = {
			isa = XCBuildConfiguration;
			baseConfigurationReference = E9BA577600F50C4AB9521A01 /* Pods-Bangers and MashUITests.debug.xcconfig */;
			buildSettings = {
				ALWAYS_EMBED_SWIFT_STANDARD_LIBRARIES = "$(inherited)";
				INFOPLIST_FILE = "Bangers and MashUITests/Info.plist";
				LD_RUNPATH_SEARCH_PATHS = "$(inherited) @executable_path/Frameworks @loader_path/Frameworks";
				PRODUCT_BUNDLE_IDENTIFIER = "com.rocketbeltlabs.Bangers-and-MashUITests";
				PRODUCT_NAME = "$(TARGET_NAME)";
				SWIFT_VERSION = 3.0;
				TEST_TARGET_NAME = "Bangers and Mash";
			};
			name = Debug;
		};
		AE97EB681F26605800E3F8B7 /* Release */ = {
			isa = XCBuildConfiguration;
			baseConfigurationReference = 08CA56B1CA1570BD68DBA59F /* Pods-Bangers and MashUITests.release.xcconfig */;
			buildSettings = {
				ALWAYS_EMBED_SWIFT_STANDARD_LIBRARIES = "$(inherited)";
				INFOPLIST_FILE = "Bangers and MashUITests/Info.plist";
				LD_RUNPATH_SEARCH_PATHS = "$(inherited) @executable_path/Frameworks @loader_path/Frameworks";
				PRODUCT_BUNDLE_IDENTIFIER = "com.rocketbeltlabs.Bangers-and-MashUITests";
				PRODUCT_NAME = "$(TARGET_NAME)";
				SWIFT_VERSION = 3.0;
				TEST_TARGET_NAME = "Bangers and Mash";
			};
			name = Release;
		};
/* End XCBuildConfiguration section */

/* Begin XCConfigurationList section */
		AE97EB331F26605800E3F8B7 /* Build configuration list for PBXProject "Bangers and Mash" */ = {
			isa = XCConfigurationList;
			buildConfigurations = (
				AE97EB5E1F26605800E3F8B7 /* Debug */,
				AE471F021F2675F700BB03B6 /* Test */,
				AE97EB5F1F26605800E3F8B7 /* Release */,
			);
			defaultConfigurationIsVisible = 0;
			defaultConfigurationName = Release;
		};
		AE97EB601F26605800E3F8B7 /* Build configuration list for PBXNativeTarget "Bangers and Mash" */ = {
			isa = XCConfigurationList;
			buildConfigurations = (
				AE97EB611F26605800E3F8B7 /* Debug */,
				AE471F031F2675F700BB03B6 /* Test */,
				AE97EB621F26605800E3F8B7 /* Release */,
			);
			defaultConfigurationIsVisible = 0;
			defaultConfigurationName = Release;
		};
		AE97EB631F26605800E3F8B7 /* Build configuration list for PBXNativeTarget "Bangers and MashTests" */ = {
			isa = XCConfigurationList;
			buildConfigurations = (
				AE97EB641F26605800E3F8B7 /* Debug */,
				AE471F041F2675F700BB03B6 /* Test */,
				AE97EB651F26605800E3F8B7 /* Release */,
			);
			defaultConfigurationIsVisible = 0;
			defaultConfigurationName = Release;
		};
		AE97EB661F26605800E3F8B7 /* Build configuration list for PBXNativeTarget "Bangers and MashUITests" */ = {
			isa = XCConfigurationList;
			buildConfigurations = (
				AE97EB671F26605800E3F8B7 /* Debug */,
				AE471F051F2675F700BB03B6 /* Test */,
				AE97EB681F26605800E3F8B7 /* Release */,
			);
			defaultConfigurationIsVisible = 0;
			defaultConfigurationName = Release;
		};
/* End XCConfigurationList section */
	};
	rootObject = AE97EB301F26605800E3F8B7 /* Project object */;
}
